NDK_REVISION=28.2.13676358
ANDROID_API=35
NDK_SOURCE_PROPERTIES_SHA256=c00aa236fdb205e9be9edd9e2169763e48aca52735efff4e16f34205d49783b5
NDK_STDIO_H_SHA256=7a41778a1c931aaf6db391d1b9752ad29865878a942bc385d6f5378afaa75dd5
NDK_WCHAR_H_SHA256=fe2dd8c3c870005d14b7851281d284219c2ff9d7dac33e6f9f8554f0816679b9
NDK_API35_ARM64_LIBC_SHA256=7fac00920a0b1a4a8da0797beb21eb08db6bde966cc8def5e4d885da8955e7bb

BIONIC_PROJECT=platform/bionic
BIONIC_REVISION=361ba86734fb2821a6adcfdf775db8abd04e0de0
UPSTREAM_SOURCES_SHA256=36ff0f0a4cc2020f1d0cd955f81e883c0664150e0ae7f17386cc844fb779e5c8
LIBC_IMPORT_MANIFEST_SHA256=20990dbfd74db3a2a1c7d02e479286b032b7754a4c1e71a2cadb64a81cb391f9
DEMAND_SHA256=7457f021303c8b918ce669b374844e5e206cff65367879caed8065849340f3b0
IMPORTS_SHA256=6d780cea5bfef654990ec77f3e584389ae9bdee11fee358c7008428a1a239cda

BIONIC_ERRNO_LOCK_SHA256=25e20280f25516ac9adbbf367708b6590dedbf7a199875d5a217ae02bbe9a3f1
BIONIC_ERRNO_SOURCE_SHA256=3be95df13ceb1f96b846864441c9a1eb17d9eee4d8166d951ba9ddb72b973382
BIONIC_ERRNO_MAPPING_SHA256=cc789f68f56260e40eb689d06b17cb3d1080a4b362e58e1ee07054575cdfa794
BIONIC_LOCALE_LOCK_SHA256=3438e25231548518ec387c1b0b587cc3b61786a1a92870e22d4de8b0b0c49856
BIONIC_LOCALE_HEADER_SHA256=408102cb2705be2d10b1b061c7b719a55c9baf029c0ba72a8b9f7280480ad0c6
BIONIC_STDIO_HEADER_SHA256=267e52353baeb1c0ad4deef4fdf42684aa2823beb165eec86063b4748ff604e0

ICU_FOUNDATION_LOCK_SHA256=6fdbf4636dec7585feab8bcc5943d0ca657d139c69f10dafc20ec1022e345f68
ICU_UVERNUM_SHA256=dd8038453c55bcc1b7a2a7825dd995447363e962abc81171f1f10a142ca9161a

HEADER_SHA256=67e860398f3911f7fe1aebffd9946a718abdc79ee7c7504efa6ebd1c31f25887
PROVIDER_SHA256=25fcb0521ef3a325893d072c220ee5e12540c985c6a673696e7abaf9280bd9be
SHIMS_SHA256=b2187654b84579ec353316a479af6b21c0a0b0049c3db7879da3d3f260d6c86f
MAIN_SHA256=65c6110bf930fa147435b71c7f82e37760d4a579e6a061efaacd82f5619cb0d1
BACKEND_SHA256=5fa44d61892eda491c74b0ef61e80a284cbb5fc842e29304d623d9ba28b98c4a
ELF_BACKEND_SHA256=4b3f2d3c36df96cea088306ed1e6c64446ed128557b2b415a20461a22a574e98
STRESS_SHA256=726d3292ece3fb939ed48cb8ad60d5124723300621e7d134cf28468b5ce95774
FIXTURE_SHA256=ae4adc91d518927a611c62b8387700760fe7981b1cce7bb62b9631c49228b322
EXPORTS_SHA256=73e6d019b49bf7b3bd8b5bc14a712a6652f9cc2766afc045fa37c9313d9d856f
ABI_SHA256=f20a64eae0f1300f32ce02de33e9f624bd7d9ab9b641803e0cd8bb2ca59ecde4
BUILD_RS_SHA256=ff0bb108ce15eb9e9235076b433ea07620a120be1adfdc9c8a1ce8bc11a25854
CARGO_TOML_SHA256=61098deed2f206048bd2f2ad08e839438a0ece1afdc47347f72214241fecc90b
CARGO_LOCK_SHA256=4225d9fed3344ade722d17e533340dedd960894fdf22b0d7b9c64792b052ae77
README_SHA256=0064f4764a84e7a4ff1bf5456a8d2a2f52d4a9c41d8a6165196c3b353bd66bfa
AUDIT_SHA256=111da51db61c92a8c5cdadc55411478da644af5a6c02b67e7d8e051b52110e64
FIXTURE_ELF_SHA256=d473e0e2477eb36e40cb8860020cfb389504ee5ec39b0497843980995acc30c2
