# Original Android 16 system_server JARs from the pinned PS16K image, as
# derive_classpath composes them: the system fragment, then APEX fragments
# in module-name order. Fields: SHA256 KIND DEVICE_PATH.
IMAGE_SHA256=3dc5d638594ec40913b77f684497e992e12ecd2554447871f22d4b2f10851485
f373528e52dde447fab2a03fda942a7d211673003947022e07e507b90b05ea4d classpath /system/framework/com.android.location.provider.jar
b6e5fb14170b4472d6e7c0ad47a46e4d95eadfeaba872d4d1be366f7d510ed22 classpath /system/framework/services.jar
e22001c3c4bcbcf9b6fa15ddf8c3ac7610844dd78fe222b3c962e43c6ef905b1 classpath /apex/com.android.adservices/javalib/service-adservices.jar
fcf08c03f20ddcf36100f773eca33b12cd07f76a82387c1d90fedae53660f4af classpath /apex/com.android.adservices/javalib/service-sdksandbox.jar
a69cc5ef3e79e95f374830d87a6e96fb555f025f44b43032bd3d010fd47e9f9e classpath /apex/com.android.appsearch/javalib/service-appsearch.jar
a88fb039ee88877404134ab6aaa839ce4186721a48fdd28d8f8906e857605a01 classpath /apex/com.android.art/javalib/service-art.jar
f1ec91cbb5a70f6a0916cd7fe9f50b40c33e117be900aa3086ae81c042aba274 classpath /apex/com.android.configinfrastructure/javalib/service-configinfrastructure.jar
80ddf870ee5d9a0ccd4f5f7ee1eef775e4e89b3b27e4d717c3e41fc01e1d5197 classpath /apex/com.android.crashrecovery/javalib/service-crashrecovery.jar
1b75ba5a7acdb3861426a5dc91f9940f15db5bcbc3922e988bfb65eb874ee4ff classpath /apex/com.android.healthfitness/javalib/service-healthfitness.jar
2b4b787993ce9f16ad56ef5a557646a1c5c6c8010f89b5e5aa76eca6ff1d3a3d classpath /apex/com.android.media/javalib/service-media-s.jar
a1ea9b94dad33cb25163c5fcce4c8f3fa8d368bcd5d064bbf3f7478c881a09ca classpath /apex/com.android.ondevicepersonalization/javalib/service-ondevicepersonalization.jar
66a3a63e6d56bfc2ca4858f4d076dc1e416a40e82cf8b8b5ec4572aab14e52c3 classpath /apex/com.android.permission/javalib/service-permission.jar
75edaa5ebf3fd1637aad72de2b3f17d47a1b7726b417964f285a163f6960c4a5 classpath /apex/com.android.rkpd/javalib/service-rkp.jar
d75d6da087f939ea4b22e2764192cf03a614c628b8e3b9d7a6e2d29d3d9a1eb8 classpath /apex/com.android.virt/javalib/service-virtualization.jar
5e5cefe03f52fabb7d36ab9a9abb84905de89b0dd72f1cd8266234e9ce51902c standalone /apex/com.android.bt/javalib/service-bluetooth.jar
68ef973ccde537a402b86b5681460456a63daeb08fb72dbb1a6de498060cc51e standalone /apex/com.android.devicelock/javalib/service-devicelock.jar
27d6fbeaaa7c8b04b3f953af7c8b5db5ad8b57dd0d658c1c68b3bb61cc01fdd0 standalone /apex/com.android.os.statsd/javalib/service-statsd.jar
199a85cbab63d526579a5062f82cfbbddbe8c5cdbb3dd9580ecae2b77a8474cf standalone /apex/com.android.profiling/javalib/service-profiling.jar
2552d50255e209cc246367294444c11f9800bed6498dd6a36df42fce3a5589bb standalone /apex/com.android.scheduling/javalib/service-scheduling.jar
aab9714690a33787bf863fa4f303410dcd534ffd9a102799f5fe9b4868e27310 standalone /apex/com.android.tethering/javalib/service-connectivity.jar
6c99e23118c3d318f084735c5251289164c46d7c67ee9be95acd02d697f28822 standalone /apex/com.android.uwb/javalib/service-uwb.jar
c59da4f87c967ea2e1ac33e211ecc767686887603628471fffd0e881ebcfff43 standalone /apex/com.android.uwb/javalib/service-ranging.jar
248edc12a0f2ba4937401134998ba09627f7062acc63018ddf92d94007451d2c standalone /apex/com.android.wifi/javalib/service-wifi.jar
