# System partition packages, platform configuration, aconfig flag protos,
# product framework overlays and the vendor Vulkan feature declarations from
# the pinned PS16K image (tools/bootclasspath/extract_system_partition.py),
# dexpreopt omitted.
e8f4b3b1b00277cf5cf04a1bebf8202eb29e5fb2068dac64968f52eb429ff1a3 /system/app/BasicDreams/BasicDreams.apk
ab9e40ad60993b92a5890a3529afae5496d6737bf8c7fb2cad8102a549d07567 /system/app/BluetoothMidiService/BluetoothMidiService.apk
b7e2ea76d6241798d555ff49a914e0f39574537f366b87e43c6775516676abd0 /system/app/BookmarkProvider/BookmarkProvider.apk
75cf68b13a6891bd8cff949082dd23a3814721c38d0ea976205c278c58e869dc /system/app/CameraExtensionsProxy/CameraExtensionsProxy.apk
835b724702ee47a5b746f902a1b7a68ff193f865b22515857ec984dadf383fbc /system/app/CaptivePortalLoginGoogle/CaptivePortalLoginGoogle.apk
cf890ec9df69c2e5354ac5982e0af6ad3b68a2ed8aa1856a551a2a361a802b6d /system/app/CarrierDefaultApp/CarrierDefaultApp.apk
46114dfa73cfc330bf41d3676d82c62eeb94ed99afe4a7f85a0f33711f4cac95 /system/app/CertInstaller/CertInstaller.apk
a5547d0880cd47a140f4baa9ffe0de3f1243dcc63468cdb11d7e46bf2cb33526 /system/app/CompanionDeviceManager/CompanionDeviceManager.apk
6e5a11b45cdae6c1f6d84a7f11b9278a5e0f00fc798a918b1d9dc154af44f334 /system/app/EasterEgg/EasterEgg.apk
994155c7dc21b3adbd71787ce58734c2475bf14784e2a35794a60eda0f3dc7f1 /system/app/GoogleBluetoothLegacyMigration/GoogleBluetoothLegacyMigration.apk
6ca3fe4569e20d469343124e9a1589de8f2b1956cd5d5c5792fe45b2527a3079 /system/app/GoogleExtShared/GoogleExtShared.apk
61a0518b5971e35891e4541c77a0e3bfbe498a6da5cb7d24170cf53b3140ecce /system/app/GooglePrintRecommendationService/GooglePrintRecommendationService.apk
f81408996c32666adc2ad0711088b68f4b99061a91a1bb9c7496c76bf9bb2931 /system/app/HTMLViewer/HTMLViewer.apk
c91ba7cbf7d8c1f182b51394644c366b47b50fbf357e4cd7900f6d5de2b391a4 /system/app/KeyChain/KeyChain.apk
829cb88b69fd04ed1b2c7f51404e505e360ccf399e2ad6f24731ddb1a90a0122 /system/app/PacProcessor/PacProcessor.apk
70912ebeb2352c4cab39bbb084b4ac869d94ff98b26efbe270f49936904dc578 /system/app/PartnerBookmarksProvider/PartnerBookmarksProvider.apk
118add870dceea424db196de1df31dfd8b80e7b9de0b1a82ab88241bf8984d9a /system/app/PrintSpooler/PrintSpooler.apk
link:/system/lib64/libprintspooler_jni.so /system/app/PrintSpooler/lib/arm64/libprintspooler_jni.so
032d06c3e871645951397aad7c1390cef9e502c3a1eb13ea923f1c14da7e08bc /system/app/SecureElement/SecureElement.apk
1a660359b1d438793e29b857b6b599a7fdd162f8e88514fa33c3544cd5ef3846 /system/app/SimAppDialog/SimAppDialog.apk
0b44b5026cd4fc9cf326de9490cc106fbff22f912c1abc6237aa605e4640b9d3 /system/app/Stk/Stk.apk
5749248850cd70a9e30fab354fbe5a0130efae1b6a39a8c2f55e65dbae15d9ec /system/app/Traceur/Traceur.apk
de1661bc35f01108bc23fd4144057181780a57b4547726ba4724aa7b621885dc /system/app/WallpaperBackup/WallpaperBackup.apk
bf90734ff46afdd78c7cf825e02e0389e85d91d1e257c7a1ad7e54554733fd3a /system/priv-app/BackupRestoreConfirmation/BackupRestoreConfirmation.apk
979308fc674cf305a2861ac85f5fe6ee713e2d818a91503a97e9097e1eb42036 /system/priv-app/BlockedNumberProvider/BlockedNumberProvider.apk
790bab9c5b8faed96c37aaa51ef31c097bf39c6dda5131c8044210d763942a50 /system/priv-app/BuiltInPrintService/BuiltInPrintService.apk
link:/system/lib64/libcups.so /system/priv-app/BuiltInPrintService/lib/arm64/libcups.so
link:/system/lib64/libwfds.so /system/priv-app/BuiltInPrintService/lib/arm64/libwfds.so
63c80af97314c70ab54be0e9a884bf6fed48564db48ad8f1b1e80b1c406c9634 /system/priv-app/CalendarProvider/CalendarProvider.apk
a39b881d038e3dd497fe4d8833217d7e4dac9c0bf2be2d8a23bc1a40610a7968 /system/priv-app/CallLogBackup/CallLogBackup.apk
7237a2d6a05ca57c6dec3c9525156633e5f3e088636de7b842e28f70d5ed2bf4 /system/priv-app/CellBroadcastLegacyApp/CellBroadcastLegacyApp.apk
2936ad5738bb181b92e072e9478ec885556da75f80cc3d42f5c1f2c0a4bc87a7 /system/priv-app/ContactsProvider/ContactsProvider.apk
ec385c7bcb78fb2f0c6705038ad649d53b7f758daf561fd3f90d9314fa3ffc4d /system/priv-app/CredentialManager/CredentialManager.apk
17c10427264db61e43f37be47631972bc16d7dc33b319006904536487fc9acb3 /system/priv-app/CredentialManager/CredentialManager.apk.prof
7769d91c2c05a680adc6a03596132445512ab400e8a98feaed86873c50d48d7f /system/priv-app/DeviceAsWebcam/DeviceAsWebcam.apk
link:/system/lib64/libjni_deviceAsWebcam.so /system/priv-app/DeviceAsWebcam/lib/arm64/libjni_deviceAsWebcam.so
d84679a160e70c3067a1e44f31c09e10c3b8bd393c7ff44289535ec6af11e86e /system/priv-app/DeviceDiagnostics/DeviceDiagnostics.apk
8ed511c89d54c7205217e861a602ec9343afa408ee972be0d32323bc2e835db0 /system/priv-app/DocumentsUIGoogle/DocumentsUIGoogle.apk
a53d9f07e261b1b4c916b2d3ac06640889211fb0d47948973f2f758d49ee94c7 /system/priv-app/DownloadProvider/DownloadProvider.apk
0557d804b84dd761c951980ce4f0e173f8e40b2bf8c2af01152467296af31773 /system/priv-app/DownloadProviderUi/DownloadProviderUi.apk
b05a5fa262bef6676815003e8d8d91f6356470f8f85f7ce35e89a1530848125a /system/priv-app/DynamicSystemInstallationService/DynamicSystemInstallationService.apk
9aae2888e7115eed66baa6ff8701008ec7a8b946a9d7ba8fc398e16ea7e99907 /system/priv-app/E2eeContactKeysProvider/E2eeContactKeysProvider.apk
3e310fbf0d61a85795b88db0f157791d2eaa3fa9563490454d9f423c1b4974ce /system/priv-app/ExternalStorageProvider/ExternalStorageProvider.apk
452c6b8461529abde0fa4ce944939bc95f5cbacbf9053c34c172620597496a8b /system/priv-app/FusedLocation/FusedLocation.apk
ac14591f5056ac9738730004050d20c62081e1102c1a183f9a707f275e67dac4 /system/priv-app/GooglePackageInstaller/GooglePackageInstaller.apk
1b0facd873b633a7569222ac0c6a21f12681c85768dc9ec7b6b5cd611cc278e4 /system/priv-app/InputDevices/InputDevices.apk
78a3b5b1d575bb491d7f6b9eaa7ca0571917b63cc117978e907f1e08dc457029 /system/priv-app/IntentResolver/IntentResolver.apk
1bd1cdc21279c59f4fca1f73a76e7143587ebc8a1bc5889e8f798ae43033f0b7 /system/priv-app/LiveWallpapersPicker/LiveWallpapersPicker.apk
4cb25b32a3f4da4dfebda27552fac4b41eacd502cdf1095a480acb79ab21eb33 /system/priv-app/LocalTransport/LocalTransport.apk
0528a01dabb933bf7a0e4feac087df459ded61e979a161c9a36aefdde7479c4c /system/priv-app/ManagedProvisioning/ManagedProvisioning.apk
f95ef9e72fed2490309a86a1c8b39bb5d533cec2ac6ad21eb407b2417268e664 /system/priv-app/MediaProviderLegacy/MediaProviderLegacy.apk
3a7b59643d2c3121bb3e7e9c4b92c080d03688f9490d1c68a31c169f0e5c1d5d /system/priv-app/MmsService/MmsService.apk
0edb563d5219592db5223324f084b8f6ea301fa71cce822404f2a58393edf01e /system/priv-app/MtpService/MtpService.apk
6ae92e750c2bc5b224f4c6ea70acd5fb39229ab81b80a71a766032b457a3ca3a /system/priv-app/MusicFX/MusicFX.apk
192414c330a64177e3b4ae5e78f4388b24e05f57c2bfd54385f2efa58d342bdd /system/priv-app/NetworkStackGoogle/NetworkStackGoogle.apk
bc94ce1c48a575b1efa786c7f90bf9d056d9066adbb33408726363e4c97135d7 /system/priv-app/ONS/ONS.apk
264ea6dfb0442611139fc733dbef63edbde0be61c1d12b4ffc30b4de11af0cde /system/priv-app/ProxyHandler/ProxyHandler.apk
ca23e1aa07ae9566cc88df39e8714a9b5a1e216a5bc1b37b6b1abd77b4450f65 /system/priv-app/SettingsProvider/SettingsProvider.apk
2db186cda48481457aec8c8a3b1fc502363ecc3eb56f17375deb4666354de5cd /system/priv-app/SharedStorageBackup/SharedStorageBackup.apk
883d0342d149c97fd005d4d88da6470bdd14445116b628c55475e3e80d6fc99a /system/priv-app/Shell/Shell.apk
3319dfd1be244c6a242c7fe5e94a05e2dd478583b52c77b59739aaa7963c5991 /system/priv-app/SoundPicker/SoundPicker.apk
ba8f382a681b13893a0b56338ee5f0088530ef1459e138c44afa133c325ee688 /system/priv-app/TagGoogle/TagGoogle.apk
8293ec40b5b58ad2b31a1210925db04767c7e903e14bf12dcdfa68481b486182 /system/priv-app/TeleService/TeleService.apk
d5bb9e442167a1a73aebf83787e77c2ff0e62134a9c608786ad664efc0957297 /system/priv-app/Telecom/Telecom.apk
c50628b91957683c6b5db112d14d62bc9de4a411214b54621cc4dd7e89eaf29f /system/priv-app/TelephonyProvider/TelephonyProvider.apk
904c8dabed1b5d737cdbbee75b266a98e7eaf4c5a6c72de6b06999b213e20c68 /system/priv-app/UserDictionaryProvider/UserDictionaryProvider.apk
5016c625a83092bacf26c6344993f488f6d5d29bc5941e80d437e297c8434ae9 /system/priv-app/VpnDialogs/VpnDialogs.apk
d2e9c5bd64d53c88b14497fcaa25392097b288017fb7b46038fed88838145728 /system/etc/permissions/android.software.credentials.xml
055df9cecfb48a0d39dd572f695db812d032d81f68c83e76a8bab16b274caf7a /system/etc/permissions/android.software.live_wallpaper.xml
2e293ff6ea02063ea3835e42e7a5c17fc5a15a46fff0af486c19dcb5b92fe821 /system/etc/permissions/android.software.webview.xml
b3e89beac4f407f1b3acef0788fb6829993a24e0c3035e0e6e00fc266fe92dbd /system/etc/permissions/android.software.window_magnification.xml
449eb0b5787d87d8abfaf3a3d00b6b7c908c043ccb9c8120c231ca2fbc7722bc /system/etc/permissions/android.test.base.xml
58303c4148747f0cdbb6d45445d55fbdf93b99818403ef71ddaf3c79ef29c964 /system/etc/permissions/android.test.mock.xml
c388d758b7405b8dcbaafd459a57c9f5b403f0bb3227028842e8453c9d21cdee /system/etc/permissions/android.test.runner.xml
41a19713a08483fd81f5611456c8868c6e631b2fcadbfff435098f5ee3372159 /system/etc/permissions/com.android.future.usb.accessory.xml
866f730bf08e562c55f583eb1066ce13d36383aecdbc852ccd226a18961c63ab /system/etc/permissions/com.android.intentresolver.xml
4ec4ab50c51a27a1be9d2dbe9209f35e86a0af73716aef89ff48158c5a6e338d /system/etc/permissions/com.android.location.provider.xml
0aa455a4959424c5d4c568b5df06f529e7496a4df723b45024522fa2ed2ba48d /system/etc/permissions/com.android.media.remotedisplay.xml
bf033af8111f75db7ab6ccfc4bb93dc89b15636e8add6048bdf234059cbe7fb8 /system/etc/permissions/com.android.mediadrm.signer.xml
28b9855a457e416aa51dedcd22edc1eacb1d04286adeb45cf3852a2e7044846e /system/etc/permissions/com.android.networkstack.xml
dc7cf40870a1f652ab1068d65973ba2ad7c06ebe06baccb9fd662182b56813c4 /system/etc/permissions/com.android.nfc_extras.xml
81c400bb23b9345d46a7c51b011bdfcfdeafbd6b60d4c0f2caafcff644f06916 /system/etc/permissions/javax.obex.xml
708e3464888f4211456eea7b80d9a6f134628e47c2b8a92a850277cbdee123d2 /system/etc/permissions/org.apache.http.legacy.xml
c1a1359e9ca390d1d6d8459f80cab8a53b3cf69c773ef6dbd94911d4a20e0ce2 /system/etc/permissions/platform.xml
375b55fed34b2cf59beddde03f84d18e93f3a8665350a1414da185f56252ac14 /system/etc/permissions/privapp-permissions-google.xml
3507b24715dfbe9bc8441c612c32d8159d76cc915781632c002fc102657084ad /system/etc/permissions/privapp-permissions-platform.xml
9386ea02f5ddc68279438d2f2754eac3cb176bbfaf2b2107431710b75db1bab3 /system/etc/sysconfig/enhanced-confirmation.xml
2ce2bf3d85842296e096e5dcf4cab9ff62813a6a946e5c7093ddf85e1d733130 /system/etc/sysconfig/framework-sysconfig.xml
efd48e060c8aff9f29d11293305b83f0facdc83eb8c40c7123de71bb373fccb6 /system/etc/sysconfig/hiddenapi-package-whitelist.xml
2a86c51b69f2f9c377ca4c1bc51164540c6ed8d4aa826473742eb29689da30a7 /system/etc/sysconfig/initial-package-stopped-states.xml
5641a621d0940c1db1e5284fa334a2feb0adf5cb422a272ab123db6ebb5968a9 /system/etc/sysconfig/package-shareduid-allowlist.xml
650164b60cbc310815347062304c7cc8458288c4681e8c0b5a0aa710eca8d560 /system/etc/sysconfig/preinstalled-packages-asl-files.xml
7c48356f7ee90cc430800485d3a5e4669f59602454c72e11bdd050fe963f9136 /system/etc/sysconfig/preinstalled-packages-com.google.android.providers.media.module.xml
b8d6004e73425eb00118012599dc59fe9423fab37ef48b8f3b22d80284b38645 /system/etc/sysconfig/preinstalled-packages-platform-generic-system.xml
dd8a853b0b7ef4bda76cce935315679e19098b9e51ade3770e8cb23ee7598480 /system/etc/sysconfig/preinstalled-packages-platform-handheld-system.xml
8c0d950608b50c8a478961158c0c0da790ebaf9b6608be937de3fe44344c6536 /system/etc/sysconfig/preinstalled-packages-platform.xml
a9ae17219fa9c7446c2a67a7a389e7cb743ba021d0a1e8a8b874afc09e3efefe /system/etc/sysconfig/preinstalled-packages-strict-signature.xml
2fd5ca8e7157079fed9bd3595c83918c71017edfb8d08d765727e86fead78bc3 /system/etc/selinux/plat_mac_permissions.xml
2a896e6053fc3d929f689f9d178830fcee2c75d90f688c1b3b6aee37d9ebf1b6 /product/overlay/GoogleConfigOverlay.apk
6d3cd7d6742d8023ad1eb8a1afa4463c53d4abeb8cc2d6f91a5a82148488669b /product/overlay/GoogleWebViewOverlay.apk
c8eea2b4bec4b7b806a8691329048b1e7503f8a0f7389146c313b640f3a6de83 /product/overlay/LargeScreenConfigOverlay.apk
c76939da0864cd71225fc7383a7379a64705ff066a5e39ca167153e113702299 /product/overlay/PixelConfigOverlayCommon.apk
84868afc7316492ddab9ab5e9bd1c5559822c6a393bd1ea9c70514dc60047f94 /product/overlay/RanchuCommonOverlay.apk
6e09936bf4b0e9e1607f7fa28ebf4e57cf6610d12fa1094115d94d0d7e61411a /product/overlay/framework-res__emulator__auto_generated_characteristics_rro.apk
b92b4842acbbc8c086c1f8d83fe4d2621089f3856a2be6f9e6ecfa9b26d92c50 /product/overlay/framework-res__sdk_gphone16k_arm64__auto_generated_rro_product.apk
704e1a55af789b08bd6f48c538de61578e3ef917abb7572a5951117e13da657b /system/etc/aconfig_flags.pb
b6e8c8525ef50f5338a9efa0e7ecca7606726b0cadb9314d55a087c280bde58c /system/system_ext/etc/aconfig_flags.pb
65e26b6a034aa3cf8d4821e2820c3a0fcc55307a567dfaf2efde4e9988464561 /vendor/etc/permissions/android.hardware.vulkan.compute.xml
8d78cbae54e60692944a5a8ea4fb41a5d8ac3b0f7ca467028e7b8e6552dc13bc /vendor/etc/permissions/android.hardware.vulkan.level.xml
e4674544be7703fdcc26afec72cbaa6d63d905e76bd88377f64003dedec75959 /vendor/etc/permissions/android.hardware.vulkan.version.xml
54f41b1fb1a45174c930cc503673ac633e740b7086ccce3d95b63b7f39015a99 /system/framework/android.hidl.base-V1.0-java.jar
769ba2928dd78f765ce4b5ded54f8d93652368ac458956010159d3e162e42d10 /system/framework/android.hidl.manager-V1.0-java.jar
178e952ca5753345f0eb6b32e2727aa1ee7f7b35caa8cb89e08fdf08c45ee597 /system/framework/android.test.base.jar
73cb23d3539136ec62869bdc44306b0c95f32498315f11502ab887d8f1ff9530 /system/framework/android.test.mock.jar
b99c1ad8b79ab9aff340c207895b86b9f4e13849beaa311492c84b91a06e63c6 /system/framework/android.test.runner.jar
44619b6ca41aa3ed6f17fd2f3a75342f6d70a9cd29e05f07313961b7719687d6 /system/framework/com.android.future.usb.accessory.jar
f373528e52dde447fab2a03fda942a7d211673003947022e07e507b90b05ea4d /system/framework/com.android.location.provider.jar
52826823b79d5f8aa79378c5d002f53c584ffa523f50ec1762da5057e0107510 /system/framework/com.android.media.remotedisplay.jar
f4d9c7cb94bacce65e12fc5d261cd5ce3fa33dcd9942f3a927dbd0f665bfa6e7 /system/framework/com.android.mediadrm.signer.jar
2666ec5ea5bf8a3fc8c4fad16d51102487af4f11c662f25e49c4bea52ec1a893 /system/framework/com.android.nfc_extras.jar
e0a8c5f2f4a70cbaee8f0714999f21fd7f1fbd56aa45573bbb76782f37423a21 /system/framework/javax.obex.jar
ddfc5b01ada7fdec48328cd430f392d61cf988ce43f5f1e03e046612620ae26c /system/framework/org.apache.http.legacy.jar
