# Original libjnigraphics decoder, asset transport and exported API contract.
NDK_IMAGE_DECODER_PROJECT=platform/frameworks/base
NDK_IMAGE_DECODER_REVISION=99b01a65cc4c104933788b3143285ab6bae65827
NDK_IMAGE_DECODER_SHA256=82e32b30ac29dfc9ade60c215a975b0209914cf81efdd1b76ca09ef2881a96d1
NDK_ASSET_STREAM_SHA256=bac5d62aabc02f5af33faac7905137070445e745fa76ab2a2e52d468e3a49016
NDK_ASSET_STREAM_HEADER_SHA256=6327639173cef9d6a149c69ca048cbc1ac5c6fe48d138cea5c79f118497837a3
NDK_JNIGRAPHICS_MAP_SHA256=2171bf774acc1149dc1298d5ae030a820d7d1994ebdc04c29806d62e129e7597
NDK_JNIGRAPHICS_ANDROID_BP_SHA256=4f5bb47182d8fd3c1196b972129aa3bd942fb76117a4b872efcf8eaf6cd012f8
NDK_IMAGE_DECODER_INPUT_PATCH_SHA256=3d052932c8bb6afd8fd0815dc011935750fbb1881ebe3aca33967c98a6d7220d
IMAGE_DECODER_COLOR_ORDER_PATCH_SHA256=469769f125ef274b54032b7f6030b0a5bdca4f40379a9e2901bf28994ff8adfb
NDK_IMAGE_DECODER_RGBA_PATCH_SHA256=5c4f7ba0a1313817eae294f0baf87799e7da297f2dc6f06835189c377e46ad03
