FRAMEWORKS_BASE_REVISION=99b01a65cc4c104933788b3143285ab6bae65827
PACKAGE_DEX_USAGE_SHA256=012c298290db886181e39c30bddb21d508d276a221df55da0d05b77492d5748a
ABSTRACT_STATS_BASE_SHA256=47692a07b73bdd3eaa841f379a61f82c9f6380436e578eb3e21bc816f7bc93b3
ISA_ADAPTER_PATCH_SHA256=0067f9958fab4ac4c5b7406d94d272143148efb4f31ee8e15bb7f8c02951908b
