# Original libjnigraphics decoder, asset transport and exported API contract.
NDK_IMAGE_DECODER_PROJECT=platform/frameworks/base
NDK_IMAGE_DECODER_REVISION=99b01a65cc4c104933788b3143285ab6bae65827
NDK_IMAGE_DECODER_SHA256=82e32b30ac29dfc9ade60c215a975b0209914cf81efdd1b76ca09ef2881a96d1
NDK_ASSET_STREAM_SHA256=bac5d62aabc02f5af33faac7905137070445e745fa76ab2a2e52d468e3a49016
NDK_ASSET_STREAM_HEADER_SHA256=6327639173cef9d6a149c69ca048cbc1ac5c6fe48d138cea5c79f118497837a3
NDK_JNIGRAPHICS_MAP_SHA256=2171bf774acc1149dc1298d5ae030a820d7d1994ebdc04c29806d62e129e7597
NDK_JNIGRAPHICS_ANDROID_BP_SHA256=4f5bb47182d8fd3c1196b972129aa3bd942fb76117a4b872efcf8eaf6cd012f8
NDK_IMAGE_DECODER_INPUT_PATCH_SHA256=ea1510ec17ce6e0d419b95f6171e98da8f7c142027b06cf6f59b0fc3eb9c0b07
IMAGE_DECODER_COLOR_ORDER_PATCH_SHA256=469769f125ef274b54032b7f6030b0a5bdca4f40379a9e2901bf28994ff8adfb
NDK_IMAGE_DECODER_RGBA_PATCH_SHA256=982615c643b255da2e224aedc59ef6130214212968c4290ac50fb148bd827162
