FRAMEWORKS_BASE_PROJECT=platform/frameworks/base
FRAMEWORKS_BASE_REVISION=99b01a65cc4c104933788b3143285ab6bae65827
ANDROID_BP_SHA256=3f86f0f0b804a4b4df0245f1c8bc9c0f461bcb6e62ed41c86e6b3fee0f8656b2
NATIVE_LIBRARY_HELPER_CPP_SHA256=c666687d98fca4ca2c7690782597cee05d85fc75d5584bacbfcb61366e8580e4
FILE_SYSTEM_UTILS_CPP_SHA256=052d4311176a157ef2ac7a4f45628f60b66f0360121aff6078a9e897e599f3da
FILE_SYSTEM_UTILS_H_SHA256=1a542a69e7fd3126d9755ae52852a49355468f674dec4d5649d87de9f2b50740
CORE_JNI_HELPERS_SHA256=434429b82ba1aa40153adb964e941a5a1ac394bca52437d4bf6d619749a3d98b
JNI_WRAPPERS_SHA256=73ddffcdf1d52b93159cdcd7ab50b2527660898541c05494498599b407fbee94
ANDROID_RUNTIME_H_SHA256=6d518a63b8a6918f5428b02e7b2e05e252b89e55d3660a32d86813a7f462f714
DARWIN_PATCH_SHA256=b2688d2faae194857ffe9b6ad18ac93b3f81d1b1616858466ce02e7fb0a8550a
METHOD_COUNT=8
