FRAMEWORKS_BASE_PROJECT=platform/frameworks/base
FRAMEWORKS_BASE_REVISION=99b01a65cc4c104933788b3143285ab6bae65827
ANDROID_OS_PARCEL_CPP_SHA256=b0960a573b9580d18397159b4035131da2a209310d380d4376d6d9c7cb13a5f8
ANDROID_OS_PARCEL_H_SHA256=ec873038e079f985f373e69ab61043f9c93bc86dde426579d79acf1a7752d4fb
ANDROID_UTIL_BINDER_CPP_SHA256=f61479cec5796f8633e20aa965d8d2f553408d5ef99833c7b2edfc88e71cedc0
ANDROID_UTIL_BINDER_H_SHA256=6c4e6a63e7ca429cd2c26a075efdebb662f17d018b076263b71903ef09d32c2f

FRAMEWORKS_NATIVE_PROJECT=platform/frameworks/native
FRAMEWORKS_NATIVE_REVISION=2827a4a16b0340ecd07c2d5a6c89991799b362bb
CALLER_UTILS_H_SHA256=718bb7b916110abf201f784007611b6fda6ba0165362dffc345b73468afd5090
DARWIN_BINDER_RPC_THREAD_ATTACH_PATCH_SHA256=7e0f5edb7c9ad658a5c178378e9c01b428ac9004ea38e394ef37ffada7276cd0
DARWIN_BINDER_RPC_CALLING_IDENTITY_PATCH_SHA256=f67c3f6631ce07048cd1c4e696f48b1b30dafe17862c4cb60a22ee5fdf076364
DARWIN_BINDER_RPC_CONTEXT_MANAGER_PATCH_SHA256=e8f89ba37888ebc0cd7bb0a0355ffa9dd00cb0679fcbedc9ec525293c09dfc89
DARWIN_BINDER_RPC_THREAD_STATE_PATCH_SHA256=9f38d0550129551a1c8ebef01261588aa1d21370f517f7900ac2200e98db49b7
DARWIN_BINDER_RPC_PARCEL_STATE_PATCH_SHA256=665758fa9ee2eb913d4811aabf830569ea40556292242602e05e9482580dd8d9
DARWIN_CORE_CRITICAL_JNI_ABI_PATCH_SHA256=6a32423531ded03ad906014d7ec3e43358ea125ce5c98a612bad7158f427bcbc
DARWIN_BINDER_RPC_PEER_IDENTITY_PATCH_SHA256=f7c7bfd904a59dd73568fef10b67558b3a974e5302a4def7f274aeba7072c64c
DARWIN_PARCEL_FD_NAMESPACE_PATCH_SHA256=819a8fa044214b0c0b91a8c337b73dbbba86d5dda2b54799a54ea28e0042f772
DARWIN_BINDER_RECIPIENT_PRESENCE_PATCH_SHA256=4136da621ea5a355fabf1062543a7e6369b40bb18603dc3ecf2e9de4f703a78a
