FRAMEWORKS_BASE_PROJECT=platform/frameworks/base
FRAMEWORKS_BASE_REVISION=99b01a65cc4c104933788b3143285ab6bae65827
ACTIVITY_THREAD_CPP_SHA256=4b80a1c248d8b9443a9610fa559947cd8ffbaf8b52382e7c17d3e453c1cbd36d
ACTIVITY_CPP_SHA256=a9b4390c5ee6b843e4ee5e5b454746baf9f716a6fcf0320ecb30806daab8a467

BIONIC_PROJECT=platform/bionic
BIONIC_REVISION=09a271af557444c9a6b3f3146d6d474156fd6cdb
BIONIC_MALLOC_H_SHA256=6f2218ff55e85d00abefda5a9b3682e23efa907a6ad6c79653d0fbe27717e525
BIONIC_PLATFORM_MALLOC_H_SHA256=721f679a80c5f3ffd3c2d56aae050bfa0add32be773d066f11225641f08264a1

# These headers are consumed from the existing, source-locked framework/JNI
# foundation. Keep their hashes here so changing this archive's support graph
# remains an explicit review decision.
CORE_JNI_HELPERS_SHA256=434429b82ba1aa40153adb964e941a5a1ac394bca52437d4bf6d619749a3d98b
JNI_WRAPPERS_SHA256=73ddffcdf1d52b93159cdcd7ab50b2527660898541c05494498599b407fbee94
ANDROID_RUNTIME_H_SHA256=6d518a63b8a6918f5428b02e7b2e05e252b89e55d3660a32d86813a7f462f714
JNI_HELP_H_SHA256=610f4efca3586ffc3af31360789b5702d71533dab085771d94ae6be857493940
JNI_PLATFORM_HELP_H_SHA256=57ef3faa2a46d68ec7059d62d62fa4929f8884458f9e1b8889c01c60abba1c25
