# Original regular files, same PS16K system image as android16-linker-config.lock.
# This is a materialization inventory, not a claim of a complete system image.
2267f93b8b3c9d1967f1833d5f71c7312213c43bb291250cf772800763037fb9 /system/lib64/libc++.so
025a1c793543c73887e386d888aa3de247af4492ec53ca750a8c985b6ab8c865 /system/lib64/libbase.so
c49e9b479119d999fd339ccd404edd519e0295629a9b41ca97bd06d50602bea5 /system/lib64/liblog.so
45f9234190e46eac2484944def75893cadbed4f751deaed674ed0341c7a229b1 /system/lib64/libz.so
ec3c9ee060796adabe5442c1a6b0b7e9f84e010bd42aee920f51ccb33cc6398f /system/lib64/libamidi.so
2981b880836d34d09299c577029284c0038da6ecb95ee474ca1f21419652cf9a /system/lib64/libbinder.so
64469e5439f24119bec0de038a756f4c40232f10e23082d7aa2fbba755328e6c /system/lib64/libcutils.so
9326154900b3746e2cdd174e32a0e8277655b9367d311c1f77f0f312ef395d0d /system/lib64/libutils.so
8dd03a6843753884bdaa6a95f25c04c4051bc5ab5f9ea6e7343012f2a0384c3c /system/lib64/libapexsupport.so
c932627a6c9a37b0f92fbb66f081152cc2bee0ad7655a2ba1be6b8da53201cde /system/lib64/libvndksupport.so
3eed4eb5a9adba460f510abd749559fb499f8d95aed84cdbe50c55cb722d79c6 /system/lib64/libbinder_ndk.so
37d73ff287769ea18291154178aa94a5da5aacf256dc773490c2f84a6091e01b /system/lib64/libstdc++.so
95ca88b3d659b681c00ebe5bcb8dd529b851d7dd3c5eaff2969172f4fed4fd54 /system/lib64/libsync.so
# Original public-library preload roots. Their dependency closure and Darwin
# backend support must still pass the preload audit; bytes alone are not support.
cc964eed6605b0865c7b2e115c258587e5f43d1ce53ace8699301d775ab573f6 /system/lib64/libcamera2ndk.so
c4bd95160b585d2a26accb3d3d9da16709130e26787476262893685419cf8cc7 /system/lib64/libjnigraphics.so
843028c7cc61e933a72b6da5fbe815318285ec03a158400afe17dd79bcf72de6 /system/lib64/libmediandk.so
e66e8b1f4cb8868d51ac6d6786cb3925c78d5906ca5eb048b3b0170dfea8695a /system/lib64/libOpenMAXAL.so
72fab2508614ad124a13dc200560b44b12da49b0fbb39420e89daf180de78a08 /system/lib64/libOpenSLES.so
08d481dfde3ff6efdb95d047b21b32ff401a29eaa5e9975c57e66ad74757b671 /system/lib64/libRS.so
5323896cca9492b1e426340aa1c7d848ca473898d2a094bd9a39b6dd59e30d16 /system/lib64/libvulkan.so
3130e090f4ddd201876c032c584bec06387687763e802cbee68e94dd8ffb968e /system/lib64/libwebviewchromium_plat_support.so
