# AOSP idmap2 (frameworks/base cmds/idmap2) sources for the Darwin image-assembly host tool.
# FRAMEWORKS_BASE_REVISION=99b01a65cc4c104933788b3143285ab6bae65827
7373837b222734a9eff241e35342eec1d059d00566421bd109010f1687c90647 Android.bp
8354a32884f6bd27bbea5d2967f108048a5f2acd5a487ebb9d8e30505fb9d12f idmap2/Commands.h
dfd1f86dbf0cf003fdd18703732f906918d454cbf874fd7833503bbded43a05c idmap2/CommandUtils.cpp
7073debee0d1ec5d5a4b733eb648c8c620a621e5d770353fc0db54e7041f8d37 idmap2/CommandUtils.h
aa210e5764cc4153036767726abb13c2542bda3fc226f307f34d281246a9a813 idmap2/Create.cpp
12471147b8be56b662ee7c007b28a5c3cf0a2ea69fa3d5f8410ceaa9f4608ecb idmap2/CreateMultiple.cpp
dfb524a5de0db016cf4f3d641bb8f78d0f1d91e84f4febf90fd405ded1ef28ce idmap2/Dump.cpp
9abf45d9930cd663fdccbc1f44a241b0a37c57fcc03257ee6824861e3253bbc2 idmap2/Lookup.cpp
4ec6a6f5caa6759b6117b8f50d07b37f1d2930cead29eb340a7aee703cb46292 idmap2/Main.cpp
7a2320906dcbfdd27e9d011081bcdde2cdc60d848787b942ee89da1128e685e0 include/idmap2/BinaryStreamVisitor.h
bb5836628c724dc88f4243c289807751540968483644b3240ccd03a134abea15 include/idmap2/CommandLineOptions.h
9c735d1600c0a4f309705cb956b6ac4976480d0afa93914141c12198514279e8 include/idmap2/FabricatedOverlay.h
8e75151a4eab0e9266ac8339546d46b3765fa63a533b866f8917a67d3941eca1 include/idmap2/FileUtils.h
a0892b117979913cf07e3bd89f938e0a66b6709889367a732fe672f71f94644f include/idmap2/Idmap.h
2b40e2e329662507911ddc4406789834df4d966cdd94a1f5ce5fe0dc3dc11549 include/idmap2/LogInfo.h
8f9104e8bb63da35acb0f5c56f0673890847b7956dcefb72e4db8b5589f7b217 include/idmap2/PolicyUtils.h
f80bde4731aca4708dabb835834f413d6dfae702d7b61af2055d039eef176e77 include/idmap2/PrettyPrintVisitor.h
b71c459046b6f426567ef1ca332074e0bfccebc1180cffcae46814264571f14c include/idmap2/RawPrintVisitor.h
7b6a3d48877971c6f5ee71ab8503e241632e688eed51a7e05fa7792f50cc4f4e include/idmap2/ResourceContainer.h
9401724a03b561fda10c921642770ad30231e86e33aa55e03c36e24508e1ea0b include/idmap2/ResourceMapping.h
699e1c7831ffb050602e48ef5ded1fadebf2e46c83cbb1cb6931288f66cae702 include/idmap2/ResourceUtils.h
aad97899ffd43923ac034898a64cfad20063005b6c49cec7cc1dd2b3033800d8 include/idmap2/Result.h
d151d4db8225f686b7a8555b6a4c6211a4b496f8b199b03c8c5f6451acbc99b0 include/idmap2/SysTrace.h
ce0fd348974316a5bdccb40335e9f805fac92dcd5356410082706c24942c2f84 include/idmap2/XmlParser.h
cf1bfe6c73e2fb1e6b48855dce746e9ac81ae7a1da6be4068ff8fb628d0d372d libidmap2_policies/include/idmap2/Policies.h
c772089b6fa9aae83553c4e2ba4b02332b2c6ec678c5fdc53bfdf8cb1007a5fc libidmap2/BinaryStreamVisitor.cpp
69150adc6bfabc9903a748adb6c2ea2bdb32ed99d1e2ae64708ca9b9e1af5f44 libidmap2/CommandLineOptions.cpp
3b301c60015ba9f046094fa58cc43d1b6ab53352892266f47720be218a6c0944 libidmap2/FabricatedOverlay.cpp
10bd21112b1fab2b6ccdb1cafd480193f07de9b66c553da52bab71be3ec820d6 libidmap2/FileUtils.cpp
caa5c83c7fae5db9b1b2a4ffe6016bdb96a32c0e6d06e09a288d57a713fd8388 libidmap2/Idmap.cpp
7b4f874910adc599580704436a4b0ed862abf2bd427b6f4abecbcfaef8b1a0ab libidmap2/PolicyUtils.cpp
81e678718336f4f7b2be6b518d3666716c0c665b54fce7dd3c142228692c0430 libidmap2/PrettyPrintVisitor.cpp
bd34ab2e8fb9474f62163bcb15545bd0846f9d8a4d8943f6c8f830e702009c6e libidmap2/proto/fabricated_v1.proto
245218f3e8b418825d1e915ab3610c6e5c621f4650604f82223998e4a776941d libidmap2/RawPrintVisitor.cpp
60e485b787bfc4bcaa6cb622b2f391eba7b3214267f1fa2ccbe27a296858c25e libidmap2/ResourceContainer.cpp
fa92295a7fd820818c1c343c10b2a22ed6ed3717981f3a96645e1f12c3b50d5b libidmap2/ResourceMapping.cpp
542db8581e496f2a56d46b8045d0ba02807c0acba8fa3846b509c2829f81780e libidmap2/ResourceUtils.cpp
44c567dd416fd273ac7cc908c9021116788ec09907fb0695a0e40e33fb820d04 libidmap2/Result.cpp
20cc0ce4bca89e4c7ffc07c5ef072a23f77aee7cc3bbd0f0eda4eec0350af360 libidmap2/SysTrace.cpp
fe36d4e8c2e01ae7177aa7fd846d3d462f5a6a7acdb565d0dfe0ec961c813039 libidmap2/XmlParser.cpp
dfd3575e7760a3ed5a9ca3d2fe9f6ed7a4dadb3f8bb1c799b743a00b149dbba8 self_targeting/SelfTargeting.cpp
