# Android 16.0.0_r1 KeyCharacterMap acquisition.
#
# This is an input manifest, not a build graph. The JNI and native files are
# staged under a dedicated owner tree so the existing native owners are not
# silently replaced. Generic.kcm and Virtual.kcm are copied to the canonical
# Android /system/usr/keychars location by the materializer.
FRAMEWORKS_BASE_PROJECT=platform/frameworks/base
FRAMEWORKS_BASE_REVISION=99b01a65cc4c104933788b3143285ab6bae65827
FRAMEWORKS_NATIVE_PROJECT=platform/frameworks/native
FRAMEWORKS_NATIVE_REVISION=2827a4a16b0340ecd07c2d5a6c89991799b362bb
BIONIC_UAPI_PROJECT=platform/bionic
BIONIC_UAPI_REVISION=09a271af557444c9a6b3f3146d6d474156fd6cdb
SYSTEM_CORE_PROJECT=platform/system/core
SYSTEM_CORE_REVISION=68be0c2c0006a0740d0b1809abe4717308f90d15
DARWIN_KCM_FACTORY_HANDOFF_PATCH_SHA256=3f5656e05c01ffad48f2d8a20eb5ce500094520d9416e6843610fe9c42700da4

KCM_BASE_JNI_PATH=core/jni/android_view_KeyCharacterMap.cpp
KCM_BASE_JNI_SHA256=879e6a419bcead71f8c3282b6526599ff53d46262fee71554297132571c2cd4b
KCM_BASE_KEY_EVENT_CPP_PATH=core/jni/android_view_KeyEvent.cpp
KCM_BASE_KEY_EVENT_CPP_SHA256=5e335c0fdb91f87ae97201adaed636b107de6195d01d61d4153b689800629f0d
KCM_BASE_KEY_EVENT_H_PATH=core/jni/android_view_KeyEvent.h
KCM_BASE_KEY_EVENT_H_SHA256=642259864db587a6272b86ea09c89a03cfac9635c4deabbb8b727b32d46ecf9c
KCM_BASE_PARCEL_CPP_PATH=core/jni/android_os_Parcel.cpp
KCM_BASE_PARCEL_CPP_SHA256=b0960a573b9580d18397159b4035131da2a209310d380d4376d6d9c7cb13a5f8
KCM_BASE_PARCEL_H_PATH=core/jni/android_os_Parcel.h
KCM_BASE_PARCEL_H_SHA256=ec873038e079f985f373e69ab61043f9c93bc86dde426579d79acf1a7752d4fb
KCM_BASE_HELPERS_PATH=core/jni/core_jni_helpers.h
KCM_BASE_HELPERS_SHA256=434429b82ba1aa40153adb964e941a5a1ac394bca52437d4bf6d619749a3d98b
KCM_BASE_JNI_WRAPPERS_PATH=core/jni/jni_wrappers.h
KCM_BASE_JNI_WRAPPERS_SHA256=73ddffcdf1d52b93159cdcd7ab50b2527660898541c05494498599b407fbee94
KCM_BASE_ANDROID_RUNTIME_H_PATH=core/jni/include/android_runtime/AndroidRuntime.h
KCM_BASE_ANDROID_RUNTIME_H_SHA256=6d518a63b8a6918f5428b02e7b2e05e252b89e55d3660a32d86813a7f462f714
KCM_BASE_ANDROID_RUNTIME_LOG_H_PATH=core/jni/include/android_runtime/Log.h
KCM_BASE_ANDROID_RUNTIME_LOG_H_SHA256=3be76ba0ce72021a2f06a9af20200d92bc5093a9bd38f0893913bff5fe4d1b48

KCM_NATIVE_CPP_PATH=libs/input/KeyCharacterMap.cpp
KCM_NATIVE_CPP_SHA256=16ce8d1c131a795fec27ad81c229df5d29498720acd38a71860ac99887fe2800
KCM_NATIVE_LABELS_CPP_PATH=libs/input/InputEventLabels.cpp
KCM_NATIVE_LABELS_CPP_SHA256=344f784d05565018cdf6ec43a32b580f2335a52c3a0a1c06a04a7bc94e177d19
KCM_NATIVE_KEYBOARD_CPP_PATH=libs/input/Keyboard.cpp
KCM_NATIVE_KEYBOARD_CPP_SHA256=2c2dd7704bb90bb325b9fdbfe56314598661b71136722f33d9eede61dd79b6d9
KCM_NATIVE_H_PATH=include/input/KeyCharacterMap.h
KCM_NATIVE_H_SHA256=78488afcbffd8520941b499fca9146fc360517cba5d3f99d633d1e2062cc26d2
KCM_NATIVE_LABELS_H_PATH=include/input/InputEventLabels.h
KCM_NATIVE_LABELS_H_SHA256=7bc2ce4b50214e9b7dd5737268baece265d652d83c8ace6cb4b548d2e38d10f3
KCM_NATIVE_KEYBOARD_H_PATH=include/input/Keyboard.h
KCM_NATIVE_KEYBOARD_H_SHA256=c480e568001dee68b2bf1d93918eb8a3b786a8fc71f96a67fe5b3afb8729009d
KCM_NATIVE_INPUT_CPP_PATH=libs/input/Input.cpp
KCM_NATIVE_INPUT_CPP_SHA256=c15cfd75c2b4588ea4c8b8827cb4975c5f772f082944cfb2e8c6bf7582f17a7c
KCM_NATIVE_INPUT_H_PATH=include/input/Input.h
KCM_NATIVE_INPUT_H_SHA256=f9cad50f6e2b209b614b2707acab039e3629e00272f90c607308c76e24547064
KCM_NATIVE_INPUT_DEVICE_H_PATH=include/input/InputDevice.h
KCM_NATIVE_INPUT_DEVICE_H_SHA256=59b0a0ac4c9a7b70df475474f2a9e8995c52f51d3a4e723ba1c0e17ff65719a5
KCM_NATIVE_HMAC_KEY_MANAGER_H_PATH=include/attestation/HmacKeyManager.h
KCM_NATIVE_HMAC_KEY_MANAGER_H_SHA256=3a251a48da3cfc074c9ba181730abdee3e525c0826c42c74479e362c497e3f73
KCM_NATIVE_INPUT_DEVICE_CPP_PATH=libs/input/InputDevice.cpp
KCM_NATIVE_INPUT_DEVICE_CPP_SHA256=31eb30675bfd45c107a93659868d702eaa98652d945d5a0571043e454a89af1a
KCM_NATIVE_KEY_LAYOUT_MAP_CPP_PATH=libs/input/KeyLayoutMap.cpp
KCM_NATIVE_KEY_LAYOUT_MAP_CPP_SHA256=e117701bcae277fca9cb21f319ad7e43d69a2a9ddc25e1e93b5287d144e5e77a
KCM_NATIVE_PROPERTY_MAP_CPP_PATH=libs/input/PropertyMap.cpp
KCM_NATIVE_PROPERTY_MAP_CPP_SHA256=5ee0d29f8eb2165a9ac1440f86202f1b3857d6be946ac1dd0f99a7c827d30884
KCM_NATIVE_KEY_LAYOUT_MAP_H_PATH=include/input/KeyLayoutMap.h
KCM_NATIVE_KEY_LAYOUT_MAP_H_SHA256=85d0aec2ce7a9800c850ec6bc633c22f5c0ae67fad87309d7d6da8c45e8627f5
KCM_NATIVE_PROPERTY_MAP_H_PATH=include/input/PropertyMap.h
KCM_NATIVE_PROPERTY_MAP_H_SHA256=82a070a2f00ae92c0519340c89cc3b196db9271372d1ce95c39c913f04f77b70

KCM_BIONIC_INPUT_H_PATH=libc/kernel/uapi/linux/input.h
KCM_BIONIC_INPUT_H_SHA256=a3663879ea965b5f8bbf7009fa55e06a36e4ccad4fdffe64fec19c28ddf9abf0
KCM_BIONIC_INPUT_EVENT_CODES_H_PATH=libc/kernel/uapi/linux/input-event-codes.h
KCM_BIONIC_INPUT_EVENT_CODES_H_SHA256=4389997c00a6a85ef187e5eb99b1a47b768365daaf826af318be63935edc3072
KCM_SYSTEM_CORE_GENERATOR_PATH=toolbox/generate-input.h-labels.py
KCM_SYSTEM_CORE_GENERATOR_SHA256=b219401003bb3418a3842deafc26fcb5353827cbf6565ffac2c75ec6a69ba90a
KCM_SYSTEM_CORE_TOOLBOX_BP_PATH=toolbox/Android.bp
KCM_SYSTEM_CORE_TOOLBOX_BP_SHA256=acc1c68fb722b314bd82bb07e88702003d541f63c1692e909ad5f81d140e60de
KCM_INPUT_LABELS_FILEGROUP=kernel_input_headers

KCM_NATIVE_POINTER_ICON_AIDL_PATH=libs/input/android/os/PointerIconType.aidl
KCM_NATIVE_POINTER_ICON_AIDL_SHA256=91faf0a99323864bf4b86fbbf71cc9b6e193603b0b298f54eb704c3a728514a6
KCM_NATIVE_MOTION_FLAG_AIDL_PATH=libs/input/android/os/MotionEventFlag.aidl
KCM_NATIVE_MOTION_FLAG_AIDL_SHA256=b97803c27852aeea1a3c64ef8221da67a8e07f99a03e7290205762e14fdd394a
KCM_NATIVE_INPUT_CONSTANTS_AIDL_PATH=libs/input/android/os/IInputConstants.aidl
KCM_NATIVE_INPUT_CONSTANTS_AIDL_SHA256=47cbbf229f32cd3fc1820e9232ff59b730e98abffc7b84cb111fc3279a6837e7

KCM_GENERIC_PATH=data/keyboards/Generic.kcm
KCM_GENERIC_SHA256=4710a130708720a6eed7f1b56e895b2f0e42579de66e728bdb4e8a7580aea354
KCM_VIRTUAL_PATH=data/keyboards/Virtual.kcm
KCM_VIRTUAL_SHA256=6356265ec24b7eb2bf835ea269247cf46de646bd0d40a5755cf75d5fa7c581f1
KCM_RESOURCE_INSTALL_ROOT=system/usr/keychars
KCM_RESOURCE_GENERIC_NAME=Generic.kcm
KCM_RESOURCE_VIRTUAL_NAME=Virtual.kcm
