# Original Android16 Bitmap API and the narrow Darwin buffer-access exposure.
NDK_BITMAP_PROJECT=platform/frameworks/base
NDK_BITMAP_REVISION=99b01a65cc4c104933788b3143285ab6bae65827
NDK_BITMAP_SHA256=d8cdfe394f9822524fd1237f17fa12ca4c4c0a9ac3f06fbefb215ae26afa0b37
APEX_BITMAP_SHA256=f7c87ac38b28e3401c09e9f72e31bad456f437c1a6fee70ad264031f2a7dda9f
APEX_BITMAP_HEADER_SHA256=9ab2ca2c29e850ffe60f404d67d829c926a9c0e911d72e82c26cf1d7b20fa4e6
BITMAP_BUFFER_ACCESS_PATCH_SHA256=db66369ebd73f860004c476277ffe4214367a4bfbbc0258617e928430f816f29
BITMAP_RGBA_COMPRESSION_PATCH_SHA256=b863cd6a73c3bce8cec59d1645e4368ba7c4bc76f01be6e06ae4ed061e3b378d
