# System partition packages, platform configuration, aconfig flag protos,
# product framework overlays, the vendor Vulkan feature declarations and the
# aconfig storage of every partition and APEX (laid out as aconfigd publishes
# it in /metadata/aconfig) from the pinned PS16K image
# (tools/bootclasspath/extract_system_partition.py), dexpreopt omitted.
e8f4b3b1b00277cf5cf04a1bebf8202eb29e5fb2068dac64968f52eb429ff1a3 /system/app/BasicDreams/BasicDreams.apk
ab9e40ad60993b92a5890a3529afae5496d6737bf8c7fb2cad8102a549d07567 /system/app/BluetoothMidiService/BluetoothMidiService.apk
b7e2ea76d6241798d555ff49a914e0f39574537f366b87e43c6775516676abd0 /system/app/BookmarkProvider/BookmarkProvider.apk
75cf68b13a6891bd8cff949082dd23a3814721c38d0ea976205c278c58e869dc /system/app/CameraExtensionsProxy/CameraExtensionsProxy.apk
835b724702ee47a5b746f902a1b7a68ff193f865b22515857ec984dadf383fbc /system/app/CaptivePortalLoginGoogle/CaptivePortalLoginGoogle.apk
cf890ec9df69c2e5354ac5982e0af6ad3b68a2ed8aa1856a551a2a361a802b6d /system/app/CarrierDefaultApp/CarrierDefaultApp.apk
46114dfa73cfc330bf41d3676d82c62eeb94ed99afe4a7f85a0f33711f4cac95 /system/app/CertInstaller/CertInstaller.apk
a5547d0880cd47a140f4baa9ffe0de3f1243dcc63468cdb11d7e46bf2cb33526 /system/app/CompanionDeviceManager/CompanionDeviceManager.apk
6e5a11b45cdae6c1f6d84a7f11b9278a5e0f00fc798a918b1d9dc154af44f334 /system/app/EasterEgg/EasterEgg.apk
994155c7dc21b3adbd71787ce58734c2475bf14784e2a35794a60eda0f3dc7f1 /system/app/GoogleBluetoothLegacyMigration/GoogleBluetoothLegacyMigration.apk
6ca3fe4569e20d469343124e9a1589de8f2b1956cd5d5c5792fe45b2527a3079 /system/app/GoogleExtShared/GoogleExtShared.apk
61a0518b5971e35891e4541c77a0e3bfbe498a6da5cb7d24170cf53b3140ecce /system/app/GooglePrintRecommendationService/GooglePrintRecommendationService.apk
f81408996c32666adc2ad0711088b68f4b99061a91a1bb9c7496c76bf9bb2931 /system/app/HTMLViewer/HTMLViewer.apk
c91ba7cbf7d8c1f182b51394644c366b47b50fbf357e4cd7900f6d5de2b391a4 /system/app/KeyChain/KeyChain.apk
829cb88b69fd04ed1b2c7f51404e505e360ccf399e2ad6f24731ddb1a90a0122 /system/app/PacProcessor/PacProcessor.apk
70912ebeb2352c4cab39bbb084b4ac869d94ff98b26efbe270f49936904dc578 /system/app/PartnerBookmarksProvider/PartnerBookmarksProvider.apk
118add870dceea424db196de1df31dfd8b80e7b9de0b1a82ab88241bf8984d9a /system/app/PrintSpooler/PrintSpooler.apk
link:/system/lib64/libprintspooler_jni.so /system/app/PrintSpooler/lib/arm64/libprintspooler_jni.so
032d06c3e871645951397aad7c1390cef9e502c3a1eb13ea923f1c14da7e08bc /system/app/SecureElement/SecureElement.apk
1a660359b1d438793e29b857b6b599a7fdd162f8e88514fa33c3544cd5ef3846 /system/app/SimAppDialog/SimAppDialog.apk
0b44b5026cd4fc9cf326de9490cc106fbff22f912c1abc6237aa605e4640b9d3 /system/app/Stk/Stk.apk
5749248850cd70a9e30fab354fbe5a0130efae1b6a39a8c2f55e65dbae15d9ec /system/app/Traceur/Traceur.apk
de1661bc35f01108bc23fd4144057181780a57b4547726ba4724aa7b621885dc /system/app/WallpaperBackup/WallpaperBackup.apk
bf90734ff46afdd78c7cf825e02e0389e85d91d1e257c7a1ad7e54554733fd3a /system/priv-app/BackupRestoreConfirmation/BackupRestoreConfirmation.apk
979308fc674cf305a2861ac85f5fe6ee713e2d818a91503a97e9097e1eb42036 /system/priv-app/BlockedNumberProvider/BlockedNumberProvider.apk
790bab9c5b8faed96c37aaa51ef31c097bf39c6dda5131c8044210d763942a50 /system/priv-app/BuiltInPrintService/BuiltInPrintService.apk
link:/system/lib64/libcups.so /system/priv-app/BuiltInPrintService/lib/arm64/libcups.so
link:/system/lib64/libwfds.so /system/priv-app/BuiltInPrintService/lib/arm64/libwfds.so
63c80af97314c70ab54be0e9a884bf6fed48564db48ad8f1b1e80b1c406c9634 /system/priv-app/CalendarProvider/CalendarProvider.apk
a39b881d038e3dd497fe4d8833217d7e4dac9c0bf2be2d8a23bc1a40610a7968 /system/priv-app/CallLogBackup/CallLogBackup.apk
7237a2d6a05ca57c6dec3c9525156633e5f3e088636de7b842e28f70d5ed2bf4 /system/priv-app/CellBroadcastLegacyApp/CellBroadcastLegacyApp.apk
2936ad5738bb181b92e072e9478ec885556da75f80cc3d42f5c1f2c0a4bc87a7 /system/priv-app/ContactsProvider/ContactsProvider.apk
ec385c7bcb78fb2f0c6705038ad649d53b7f758daf561fd3f90d9314fa3ffc4d /system/priv-app/CredentialManager/CredentialManager.apk
17c10427264db61e43f37be47631972bc16d7dc33b319006904536487fc9acb3 /system/priv-app/CredentialManager/CredentialManager.apk.prof
7769d91c2c05a680adc6a03596132445512ab400e8a98feaed86873c50d48d7f /system/priv-app/DeviceAsWebcam/DeviceAsWebcam.apk
link:/system/lib64/libjni_deviceAsWebcam.so /system/priv-app/DeviceAsWebcam/lib/arm64/libjni_deviceAsWebcam.so
d84679a160e70c3067a1e44f31c09e10c3b8bd393c7ff44289535ec6af11e86e /system/priv-app/DeviceDiagnostics/DeviceDiagnostics.apk
8ed511c89d54c7205217e861a602ec9343afa408ee972be0d32323bc2e835db0 /system/priv-app/DocumentsUIGoogle/DocumentsUIGoogle.apk
a53d9f07e261b1b4c916b2d3ac06640889211fb0d47948973f2f758d49ee94c7 /system/priv-app/DownloadProvider/DownloadProvider.apk
0557d804b84dd761c951980ce4f0e173f8e40b2bf8c2af01152467296af31773 /system/priv-app/DownloadProviderUi/DownloadProviderUi.apk
b05a5fa262bef6676815003e8d8d91f6356470f8f85f7ce35e89a1530848125a /system/priv-app/DynamicSystemInstallationService/DynamicSystemInstallationService.apk
9aae2888e7115eed66baa6ff8701008ec7a8b946a9d7ba8fc398e16ea7e99907 /system/priv-app/E2eeContactKeysProvider/E2eeContactKeysProvider.apk
3e310fbf0d61a85795b88db0f157791d2eaa3fa9563490454d9f423c1b4974ce /system/priv-app/ExternalStorageProvider/ExternalStorageProvider.apk
452c6b8461529abde0fa4ce944939bc95f5cbacbf9053c34c172620597496a8b /system/priv-app/FusedLocation/FusedLocation.apk
ac14591f5056ac9738730004050d20c62081e1102c1a183f9a707f275e67dac4 /system/priv-app/GooglePackageInstaller/GooglePackageInstaller.apk
1b0facd873b633a7569222ac0c6a21f12681c85768dc9ec7b6b5cd611cc278e4 /system/priv-app/InputDevices/InputDevices.apk
78a3b5b1d575bb491d7f6b9eaa7ca0571917b63cc117978e907f1e08dc457029 /system/priv-app/IntentResolver/IntentResolver.apk
1bd1cdc21279c59f4fca1f73a76e7143587ebc8a1bc5889e8f798ae43033f0b7 /system/priv-app/LiveWallpapersPicker/LiveWallpapersPicker.apk
4cb25b32a3f4da4dfebda27552fac4b41eacd502cdf1095a480acb79ab21eb33 /system/priv-app/LocalTransport/LocalTransport.apk
0528a01dabb933bf7a0e4feac087df459ded61e979a161c9a36aefdde7479c4c /system/priv-app/ManagedProvisioning/ManagedProvisioning.apk
f95ef9e72fed2490309a86a1c8b39bb5d533cec2ac6ad21eb407b2417268e664 /system/priv-app/MediaProviderLegacy/MediaProviderLegacy.apk
3a7b59643d2c3121bb3e7e9c4b92c080d03688f9490d1c68a31c169f0e5c1d5d /system/priv-app/MmsService/MmsService.apk
0edb563d5219592db5223324f084b8f6ea301fa71cce822404f2a58393edf01e /system/priv-app/MtpService/MtpService.apk
6ae92e750c2bc5b224f4c6ea70acd5fb39229ab81b80a71a766032b457a3ca3a /system/priv-app/MusicFX/MusicFX.apk
192414c330a64177e3b4ae5e78f4388b24e05f57c2bfd54385f2efa58d342bdd /system/priv-app/NetworkStackGoogle/NetworkStackGoogle.apk
bc94ce1c48a575b1efa786c7f90bf9d056d9066adbb33408726363e4c97135d7 /system/priv-app/ONS/ONS.apk
264ea6dfb0442611139fc733dbef63edbde0be61c1d12b4ffc30b4de11af0cde /system/priv-app/ProxyHandler/ProxyHandler.apk
ca23e1aa07ae9566cc88df39e8714a9b5a1e216a5bc1b37b6b1abd77b4450f65 /system/priv-app/SettingsProvider/SettingsProvider.apk
2db186cda48481457aec8c8a3b1fc502363ecc3eb56f17375deb4666354de5cd /system/priv-app/SharedStorageBackup/SharedStorageBackup.apk
883d0342d149c97fd005d4d88da6470bdd14445116b628c55475e3e80d6fc99a /system/priv-app/Shell/Shell.apk
3319dfd1be244c6a242c7fe5e94a05e2dd478583b52c77b59739aaa7963c5991 /system/priv-app/SoundPicker/SoundPicker.apk
ba8f382a681b13893a0b56338ee5f0088530ef1459e138c44afa133c325ee688 /system/priv-app/TagGoogle/TagGoogle.apk
8293ec40b5b58ad2b31a1210925db04767c7e903e14bf12dcdfa68481b486182 /system/priv-app/TeleService/TeleService.apk
d5bb9e442167a1a73aebf83787e77c2ff0e62134a9c608786ad664efc0957297 /system/priv-app/Telecom/Telecom.apk
c50628b91957683c6b5db112d14d62bc9de4a411214b54621cc4dd7e89eaf29f /system/priv-app/TelephonyProvider/TelephonyProvider.apk
904c8dabed1b5d737cdbbee75b266a98e7eaf4c5a6c72de6b06999b213e20c68 /system/priv-app/UserDictionaryProvider/UserDictionaryProvider.apk
5016c625a83092bacf26c6344993f488f6d5d29bc5941e80d437e297c8434ae9 /system/priv-app/VpnDialogs/VpnDialogs.apk
d2e9c5bd64d53c88b14497fcaa25392097b288017fb7b46038fed88838145728 /system/etc/permissions/android.software.credentials.xml
055df9cecfb48a0d39dd572f695db812d032d81f68c83e76a8bab16b274caf7a /system/etc/permissions/android.software.live_wallpaper.xml
2e293ff6ea02063ea3835e42e7a5c17fc5a15a46fff0af486c19dcb5b92fe821 /system/etc/permissions/android.software.webview.xml
b3e89beac4f407f1b3acef0788fb6829993a24e0c3035e0e6e00fc266fe92dbd /system/etc/permissions/android.software.window_magnification.xml
449eb0b5787d87d8abfaf3a3d00b6b7c908c043ccb9c8120c231ca2fbc7722bc /system/etc/permissions/android.test.base.xml
58303c4148747f0cdbb6d45445d55fbdf93b99818403ef71ddaf3c79ef29c964 /system/etc/permissions/android.test.mock.xml
c388d758b7405b8dcbaafd459a57c9f5b403f0bb3227028842e8453c9d21cdee /system/etc/permissions/android.test.runner.xml
41a19713a08483fd81f5611456c8868c6e631b2fcadbfff435098f5ee3372159 /system/etc/permissions/com.android.future.usb.accessory.xml
866f730bf08e562c55f583eb1066ce13d36383aecdbc852ccd226a18961c63ab /system/etc/permissions/com.android.intentresolver.xml
4ec4ab50c51a27a1be9d2dbe9209f35e86a0af73716aef89ff48158c5a6e338d /system/etc/permissions/com.android.location.provider.xml
0aa455a4959424c5d4c568b5df06f529e7496a4df723b45024522fa2ed2ba48d /system/etc/permissions/com.android.media.remotedisplay.xml
bf033af8111f75db7ab6ccfc4bb93dc89b15636e8add6048bdf234059cbe7fb8 /system/etc/permissions/com.android.mediadrm.signer.xml
28b9855a457e416aa51dedcd22edc1eacb1d04286adeb45cf3852a2e7044846e /system/etc/permissions/com.android.networkstack.xml
dc7cf40870a1f652ab1068d65973ba2ad7c06ebe06baccb9fd662182b56813c4 /system/etc/permissions/com.android.nfc_extras.xml
81c400bb23b9345d46a7c51b011bdfcfdeafbd6b60d4c0f2caafcff644f06916 /system/etc/permissions/javax.obex.xml
708e3464888f4211456eea7b80d9a6f134628e47c2b8a92a850277cbdee123d2 /system/etc/permissions/org.apache.http.legacy.xml
c1a1359e9ca390d1d6d8459f80cab8a53b3cf69c773ef6dbd94911d4a20e0ce2 /system/etc/permissions/platform.xml
375b55fed34b2cf59beddde03f84d18e93f3a8665350a1414da185f56252ac14 /system/etc/permissions/privapp-permissions-google.xml
3507b24715dfbe9bc8441c612c32d8159d76cc915781632c002fc102657084ad /system/etc/permissions/privapp-permissions-platform.xml
9386ea02f5ddc68279438d2f2754eac3cb176bbfaf2b2107431710b75db1bab3 /system/etc/sysconfig/enhanced-confirmation.xml
2ce2bf3d85842296e096e5dcf4cab9ff62813a6a946e5c7093ddf85e1d733130 /system/etc/sysconfig/framework-sysconfig.xml
efd48e060c8aff9f29d11293305b83f0facdc83eb8c40c7123de71bb373fccb6 /system/etc/sysconfig/hiddenapi-package-whitelist.xml
2a86c51b69f2f9c377ca4c1bc51164540c6ed8d4aa826473742eb29689da30a7 /system/etc/sysconfig/initial-package-stopped-states.xml
5641a621d0940c1db1e5284fa334a2feb0adf5cb422a272ab123db6ebb5968a9 /system/etc/sysconfig/package-shareduid-allowlist.xml
650164b60cbc310815347062304c7cc8458288c4681e8c0b5a0aa710eca8d560 /system/etc/sysconfig/preinstalled-packages-asl-files.xml
7c48356f7ee90cc430800485d3a5e4669f59602454c72e11bdd050fe963f9136 /system/etc/sysconfig/preinstalled-packages-com.google.android.providers.media.module.xml
b8d6004e73425eb00118012599dc59fe9423fab37ef48b8f3b22d80284b38645 /system/etc/sysconfig/preinstalled-packages-platform-generic-system.xml
dd8a853b0b7ef4bda76cce935315679e19098b9e51ade3770e8cb23ee7598480 /system/etc/sysconfig/preinstalled-packages-platform-handheld-system.xml
8c0d950608b50c8a478961158c0c0da790ebaf9b6608be937de3fe44344c6536 /system/etc/sysconfig/preinstalled-packages-platform.xml
a9ae17219fa9c7446c2a67a7a389e7cb743ba021d0a1e8a8b874afc09e3efefe /system/etc/sysconfig/preinstalled-packages-strict-signature.xml
2fd5ca8e7157079fed9bd3595c83918c71017edfb8d08d765727e86fead78bc3 /system/etc/selinux/plat_mac_permissions.xml
2a896e6053fc3d929f689f9d178830fcee2c75d90f688c1b3b6aee37d9ebf1b6 /product/overlay/GoogleConfigOverlay.apk
6d3cd7d6742d8023ad1eb8a1afa4463c53d4abeb8cc2d6f91a5a82148488669b /product/overlay/GoogleWebViewOverlay.apk
c8eea2b4bec4b7b806a8691329048b1e7503f8a0f7389146c313b640f3a6de83 /product/overlay/LargeScreenConfigOverlay.apk
c76939da0864cd71225fc7383a7379a64705ff066a5e39ca167153e113702299 /product/overlay/PixelConfigOverlayCommon.apk
84868afc7316492ddab9ab5e9bd1c5559822c6a393bd1ea9c70514dc60047f94 /product/overlay/RanchuCommonOverlay.apk
6e09936bf4b0e9e1607f7fa28ebf4e57cf6610d12fa1094115d94d0d7e61411a /product/overlay/framework-res__emulator__auto_generated_characteristics_rro.apk
b92b4842acbbc8c086c1f8d83fe4d2621089f3856a2be6f9e6ecfa9b26d92c50 /product/overlay/framework-res__sdk_gphone16k_arm64__auto_generated_rro_product.apk
704e1a55af789b08bd6f48c538de61578e3ef917abb7572a5951117e13da657b /system/etc/aconfig_flags.pb
b6e8c8525ef50f5338a9efa0e7ecca7606726b0cadb9314d55a087c280bde58c /system/system_ext/etc/aconfig_flags.pb
65e26b6a034aa3cf8d4821e2820c3a0fcc55307a567dfaf2efde4e9988464561 /vendor/etc/permissions/android.hardware.vulkan.compute.xml
8d78cbae54e60692944a5a8ea4fb41a5d8ac3b0f7ca467028e7b8e6552dc13bc /vendor/etc/permissions/android.hardware.vulkan.level.xml
e4674544be7703fdcc26afec72cbaa6d63d905e76bd88377f64003dedec75959 /vendor/etc/permissions/android.hardware.vulkan.version.xml
54f41b1fb1a45174c930cc503673ac633e740b7086ccce3d95b63b7f39015a99 /system/framework/android.hidl.base-V1.0-java.jar
769ba2928dd78f765ce4b5ded54f8d93652368ac458956010159d3e162e42d10 /system/framework/android.hidl.manager-V1.0-java.jar
178e952ca5753345f0eb6b32e2727aa1ee7f7b35caa8cb89e08fdf08c45ee597 /system/framework/android.test.base.jar
73cb23d3539136ec62869bdc44306b0c95f32498315f11502ab887d8f1ff9530 /system/framework/android.test.mock.jar
b99c1ad8b79ab9aff340c207895b86b9f4e13849beaa311492c84b91a06e63c6 /system/framework/android.test.runner.jar
44619b6ca41aa3ed6f17fd2f3a75342f6d70a9cd29e05f07313961b7719687d6 /system/framework/com.android.future.usb.accessory.jar
f373528e52dde447fab2a03fda942a7d211673003947022e07e507b90b05ea4d /system/framework/com.android.location.provider.jar
52826823b79d5f8aa79378c5d002f53c584ffa523f50ec1762da5057e0107510 /system/framework/com.android.media.remotedisplay.jar
f4d9c7cb94bacce65e12fc5d261cd5ce3fa33dcd9942f3a927dbd0f665bfa6e7 /system/framework/com.android.mediadrm.signer.jar
2666ec5ea5bf8a3fc8c4fad16d51102487af4f11c662f25e49c4bea52ec1a893 /system/framework/com.android.nfc_extras.jar
e0a8c5f2f4a70cbaee8f0714999f21fd7f1fbd56aa45573bbb76782f37423a21 /system/framework/javax.obex.jar
ddfc5b01ada7fdec48328cd430f392d61cf988ce43f5f1e03e046612620ae26c /system/framework/org.apache.http.legacy.jar
af14286354c2432ebcc143a4cdca0c159ea0069ae0261c9f6c933aaa3eb8469b /metadata/aconfig/maps/com.android.adservices.package.map
371f176d27329f3f89c2b1556d2d3f116994c9ca53871148ffd2fbd5b5fef4fe /metadata/aconfig/maps/com.android.adservices.flag.map
e7e3883fa6fd2f9b95e642944e25ea93b1e261947133a593eb263cba355a9ae1 /metadata/aconfig/boot/com.android.adservices.val
6e3be0d9d586c131249f73f1e75c45f5862c90d329a5e674a9dc4ffd26797caf /metadata/aconfig/boot/com.android.adservices.info
edd51b6799f0e85f692d63f443cf8b340f9e367c769356dccf9f346f8ffe9c8d /metadata/aconfig/maps/com.android.appsearch.package.map
29569f26195c42b0d992923ef35820a515524cac923855085bd176e8d5be2eb9 /metadata/aconfig/maps/com.android.appsearch.flag.map
b26666fc876a5db219f981ab4e9500346587b1ad6475647f93928967389dc1b7 /metadata/aconfig/boot/com.android.appsearch.val
143d142d3861e24b318f77f330a3a63d8e3d46a5ad9ea1f42451f137b0a0cb12 /metadata/aconfig/boot/com.android.appsearch.info
c6c9c5950f6c37154c3d180bdca712eb949ca889fc82347107fba69af86a2533 /metadata/aconfig/maps/com.android.art.package.map
ece8a4bc953145c5181398c361d693b2671375b3390f26acf25c41fdfaf14547 /metadata/aconfig/maps/com.android.art.flag.map
36c6be75d2f6379c1f00f5922b64d63a8bb13a877b8384e8276de608913b6f07 /metadata/aconfig/boot/com.android.art.val
46e2e960e13684139bba85bef9341a4f67a113bf80f227df71bfc72469b33398 /metadata/aconfig/boot/com.android.art.info
c331f3f89c8b7e66cb229b467bdfe9b1058b07cf6621001473ceb086c8ae6228 /metadata/aconfig/maps/com.android.bt.package.map
f4d668d5670f31f443dec72993428494076f250d2f70c278911ff4aba5fc4655 /metadata/aconfig/maps/com.android.bt.flag.map
86539d444411b8ef47f54ab1773b16b9d5e711ee82e8edb249a8288c03356202 /metadata/aconfig/boot/com.android.bt.val
94c50b2a89e1d15b670a76f46c66fff35fa577322cc38948ba1fc6508d69a8b3 /metadata/aconfig/boot/com.android.bt.info
a32d08aa26af0b3febc67627ec8780780995c3b4025d0ca5e8d64476d80c67d0 /metadata/aconfig/maps/com.android.cellbroadcast.package.map
848702401c6f0986734304491fc5d122d3118ea9497accc2496720a40f334976 /metadata/aconfig/maps/com.android.cellbroadcast.flag.map
533be0e7a2a1dbac6f8caa7b07b8e01168c87d57226b1f6b11c6f95cc486daa2 /metadata/aconfig/boot/com.android.cellbroadcast.val
aeaeadf767f7c85cc3cac1e260f31614eec714593cd4a3b86b7a8fdb403670c9 /metadata/aconfig/boot/com.android.cellbroadcast.info
814564ec4f994f6d6dfa2e6764d73926c42180a8bc9a42fc583b93aa7416fb6c /metadata/aconfig/maps/com.android.configinfrastructure.package.map
7d78167ab034b32b8b668bb35be1fee5891a3b80983a99ada17f22051fabacf0 /metadata/aconfig/maps/com.android.configinfrastructure.flag.map
ada69573fe06375f78720ef294d1fe6022769c028868bb194b0babebfde294b8 /metadata/aconfig/boot/com.android.configinfrastructure.val
d6b0dffa1122c4f59cf13cee44ae8b08c30d33ca64febfe1169aa105cf229ff3 /metadata/aconfig/boot/com.android.configinfrastructure.info
38bf25df6fee93fdcd04007ff2cb21c4f92946e9b449c69aa24335e609d3996d /metadata/aconfig/maps/com.android.conscrypt.package.map
28d655e3f664bc0add5e56ddb77bc264e57e2e1fab279ddd2b2dfbeb2483bb9f /metadata/aconfig/maps/com.android.conscrypt.flag.map
259bf69e118e1b74ae3355abdb1173f8c5608e5e2aacd3c54c159ba2e26b3f8c /metadata/aconfig/boot/com.android.conscrypt.val
c7a36b5af33c4eaa9b6b3e7edbeeab8c07f367d2c8fbaac9c3c93940aff3b23c /metadata/aconfig/boot/com.android.conscrypt.info
1d22d7e75d326208c53e1759b39d5b264949b87558b546fd320b947be18f3330 /metadata/aconfig/maps/com.android.devicelock.package.map
7c48a06dce6f2db1265fbebd960cad22129ee6a81aedb84f096f6a35cdaf78a4 /metadata/aconfig/maps/com.android.devicelock.flag.map
5c1258d58b42adac8a0303cae06009b394a0c7c539b88757b707205da19c6238 /metadata/aconfig/boot/com.android.devicelock.val
935a3ad9504219bcfba4a6ca9445187ac65bf763b4a83b18b4b18d2ea4086025 /metadata/aconfig/boot/com.android.devicelock.info
a12ddccd8fc75b7fb5a5c2f81b8c79ed07d73c59e62ac2f26b7423212b571788 /metadata/aconfig/maps/com.android.healthfitness.package.map
f7b21188d77c85215929676a5c64166e006c745043364c86b75885c007bef93c /metadata/aconfig/maps/com.android.healthfitness.flag.map
460db337a657a38602c7e7bbadeba813aeb5b3353df031652b03ef199b963d63 /metadata/aconfig/boot/com.android.healthfitness.val
18ebb9e4736dcf56670681e4fce649fe1ef790b3ebb7690299e6baa96f33d16f /metadata/aconfig/boot/com.android.healthfitness.info
bba5f64e644929b8b550b5c7e9fb0cae932c876bf4acab00cd5d8bdf304e5c4c /metadata/aconfig/maps/com.android.i18n.package.map
22ea3fcae8815e73ca48818fe9deb5bdf372c1c87f0a72276599c14e2feb16ae /metadata/aconfig/maps/com.android.i18n.flag.map
3025d3110b3af612b3dc47df24fcfb2a335522f4a2c858acdf69293d1bd9250b /metadata/aconfig/boot/com.android.i18n.val
b05b40cf80e6470ee8517f7692bf23d70f5a9608a10bfd0caf1cacfd661fb9f5 /metadata/aconfig/boot/com.android.i18n.info
947a20288369c953b7428a0e03d55c6a5eb50491921e6fa6bc51ecd0a3b8dfa5 /metadata/aconfig/maps/com.android.ipsec.package.map
c18a93f7d6d4055780a9210ab990fa3e71fc04b79fbedf397514fdfab07cfdaf /metadata/aconfig/maps/com.android.ipsec.flag.map
1e912fa7b7a483f462161ec54661382073b736ce9ec188ea78c915d05ca3b6d1 /metadata/aconfig/boot/com.android.ipsec.val
ddf69b229a912143c52dece551b880e05cf2bafd6a49d60fbda92f68e2fdfeeb /metadata/aconfig/boot/com.android.ipsec.info
afbc74ab61acbbe23dd8b25669e28379b7ff8f3329d7b101a1914f25a6a201a2 /metadata/aconfig/maps/com.android.media.package.map
b71663bba730b95dba09daef1b554d21eb37531d61b58bab2ab7457c9c0af532 /metadata/aconfig/maps/com.android.media.flag.map
7775dc6df185d3f850534166a2e3048cbf4dbce4e221e530040bdcc47988094d /metadata/aconfig/boot/com.android.media.val
94d1db238e9da52129ed8f1fe4c237c78d35081eaaa935620443ec325d44b5c7 /metadata/aconfig/boot/com.android.media.info
d1f18fbb3f23145fca949bb7c2733b4827dded087a3318568ae4b0b2be87ec62 /metadata/aconfig/maps/com.android.media.swcodec.package.map
1a2cb858dfacbe90c39612dc9801c6fb475bc8fb9d81e146d7f21116b9cbbbd2 /metadata/aconfig/maps/com.android.media.swcodec.flag.map
32144f3392f90c4eaaa12d063c226cba677b742fdc5eae5e46584c7b237ba125 /metadata/aconfig/boot/com.android.media.swcodec.val
026303ff6e8a339afd8d45552d682b3b4b0b5ab756e2c7d0f8337972057198df /metadata/aconfig/boot/com.android.media.swcodec.info
61d3753a638a4dc60ef91b1c3a3664c8d508df9bb277ad63c8d54c669cbda305 /metadata/aconfig/maps/com.android.mediaprovider.package.map
c992fc945b4c7392a43ef90c50621718cf53d4011ca0951cc3692a08e141e066 /metadata/aconfig/maps/com.android.mediaprovider.flag.map
08de513e5d4f9959e2312cdf98cb795a96dfb2b6a110f1459e877315dbcc1a42 /metadata/aconfig/boot/com.android.mediaprovider.val
674a8ebddc14dbfa13c3453d887fc7c1e71b536ac3c4c0658e8bff63292859c6 /metadata/aconfig/boot/com.android.mediaprovider.info
90a2cffe8503f6916c1fd161ed311d197b6be470414aa885ffc4538338d484da /metadata/aconfig/maps/com.android.nfcservices.package.map
8129adb118b2ec4b38ce0c46a8ec8df29714ae8f5c535509a7e08b673c9d94e6 /metadata/aconfig/maps/com.android.nfcservices.flag.map
3db9a0ade2114c6f3ecedaf513a1833590d40fee0f36875b7cebd7cabf7a4ae8 /metadata/aconfig/boot/com.android.nfcservices.val
27b351cf362cec3bb55eeee7a4a5623bf820d87e379604d4a9af48cc29087485 /metadata/aconfig/boot/com.android.nfcservices.info
705716cbc98405ea209f6737a9676daeaa4ce135943dbf6cfe0549817f9d2e1c /metadata/aconfig/maps/com.android.ondevicepersonalization.package.map
b80a44ea9f9d6be96def9257db485b2883e736e8b1bc9cfcec2ab7b9f7e90f72 /metadata/aconfig/maps/com.android.ondevicepersonalization.flag.map
318e2b83b4ea13005d91553d195334648befcb52b7ab1fb7e2e7da0165bfef1f /metadata/aconfig/boot/com.android.ondevicepersonalization.val
b84750c23102609998c77d1c12d6bbe3dea4118f2cdba9e13c461fe88f94f655 /metadata/aconfig/boot/com.android.ondevicepersonalization.info
ab455d8b131e73c3fab6139c668441ce6b7633b65d41ffceee0a5be9adbd5afa /metadata/aconfig/maps/com.android.os.statsd.package.map
aee5a26292e105e2acd387dc585e84058fe12ecca679812b1553e4061b214c22 /metadata/aconfig/maps/com.android.os.statsd.flag.map
7d527df8a2384c1df514da5183595993b0ca1fe0cd0f0e7e64b20a7aec1460c9 /metadata/aconfig/boot/com.android.os.statsd.val
c2bbb6c75cc4602c68002aa36036afd317b927743f72bd74bbc5d8a3aedc9055 /metadata/aconfig/boot/com.android.os.statsd.info
3059938ad70a64eb977f45455de7b456d6e8b3c6e59abd3377bc6db93753a903 /metadata/aconfig/maps/com.android.permission.package.map
0da690d89a0c76350a229457d2da53232b70d8da168d554f2bb173988f41b3fc /metadata/aconfig/maps/com.android.permission.flag.map
a6095cf43d388c9b22d22058f4ac28d8f69d63938b4c9fe5346dd04431d66f26 /metadata/aconfig/boot/com.android.permission.val
c9a533e04f6670a0bdb4c61212923783539135b1f55d0b8395b1a94273b5b024 /metadata/aconfig/boot/com.android.permission.info
44d0d07634fe3fcade5fe12b40ef0689c50f89615416b7878c83f0112db75f87 /metadata/aconfig/maps/com.android.profiling.package.map
7f0d5a01aefda4771ad69c5c7c15b97c02f8dd5f5606a888b05e25df71d83368 /metadata/aconfig/maps/com.android.profiling.flag.map
9f38393507427e6b3203fed1b0c84894d9cc143728ae7acbe4d82d887daa0253 /metadata/aconfig/boot/com.android.profiling.val
a7e7979bc1ce336517627c54be509401aa286e2ba911b13cd533c1ae505f28f0 /metadata/aconfig/boot/com.android.profiling.info
8bf3bf9fa50dad8d8039bb34201807f3fd61d351b390c30112baf17925d42d59 /metadata/aconfig/maps/com.android.tethering.package.map
bd99b1620c08bad41ab6ac73ac504104f7428df17fc80d167116a9605085cfdd /metadata/aconfig/maps/com.android.tethering.flag.map
a57c1bb7447f4cfa4c02436bad7262304ee1e844f1f8a43c9b8c2f33845bd578 /metadata/aconfig/boot/com.android.tethering.val
c8b22210e426d48adcac186dcc8a7a8075f223281ea8fc8e4f292318a1c9d313 /metadata/aconfig/boot/com.android.tethering.info
fb269d32650c8c252cbc71831bb0fe9ef1b76d0e5e7a12d84765e144246da1a3 /metadata/aconfig/maps/com.android.uprobestats.package.map
119f389aaf519898e7c077ea5b0033774c00115d927f3797e1c16039c06e1b91 /metadata/aconfig/maps/com.android.uprobestats.flag.map
32b15e2f8bb687283772aa9955bb4cbca0574434f0352cfcdfecb95246b38ff7 /metadata/aconfig/boot/com.android.uprobestats.val
29f8c1011f7547112d053503efb803cf87252e0f9b040d99a36c8e75a0270828 /metadata/aconfig/boot/com.android.uprobestats.info
e163bc3b82007a445f8be66318224d36a779ec86cbc4e202b6829c4fd3c81fdc /metadata/aconfig/maps/com.android.uwb.package.map
be330515e747c3e3df84e6c02dd2aa8c8da51ff7268554c818d37e313e1035e9 /metadata/aconfig/maps/com.android.uwb.flag.map
b7270ce24dbade8907d860b8f4267e3af0ac1ac7994694e13d7aeb3000d77980 /metadata/aconfig/boot/com.android.uwb.val
6d6ee89af0dba16e581e7c072cc48880fa571e7d1aeb51b1511b9c55ea2b90ee /metadata/aconfig/boot/com.android.uwb.info
645df8906dbd8644e48eb57f841f2e659c9d59664182e50b674cbffd5d346118 /metadata/aconfig/maps/com.android.virt.package.map
29af4d8c28e11a3f24a87af562beb9f0535520a00944cac99ade3a83a7fc488d /metadata/aconfig/maps/com.android.virt.flag.map
f8c0499cdbd9ca1e4e9de9b602c73f6c6fb60dd77a80d8173ae8f11110c17ad8 /metadata/aconfig/boot/com.android.virt.val
4e960cb7d91db6c4dfc19ffdeddcf02e7484a800a60c76a11bc4fc6f42f298fe /metadata/aconfig/boot/com.android.virt.info
1f6b2bb89f641401bb1296a1973cf427618b4ad8b3deff026eedede989ab886e /metadata/aconfig/maps/com.android.wifi.package.map
1545623fb0c6c4befa9a3949c57f6aba408df8a81c507df38b6933e3dec4646a /metadata/aconfig/maps/com.android.wifi.flag.map
97de3f4411cfcb721b5c604d9e7f8f86fd8bfe9c4457395cd5391409933a4bdf /metadata/aconfig/boot/com.android.wifi.val
574c14d4f31ce75e85462a58e94957990cff72e62e5abff8a00b791f7f0489f2 /metadata/aconfig/boot/com.android.wifi.info
e059b3a6ceac887373e35c41cad90e11299b1559e1888b7250af2d82e8f19f38 /metadata/aconfig/maps/product.package.map
5f9dc16bda34923cdcb012bcba1c0ed75546c62c87ec5e68d9a84dc2da09cce1 /metadata/aconfig/maps/product.flag.map
7d54232b1b9fe7e24bbd2c24b0c5d980e12cea6101c104f84759248af423c943 /metadata/aconfig/boot/product.val
d4bad440524871031ab00a7de2f2172924883588eaafe9f0657575bd8bc86b08 /metadata/aconfig/boot/product.info
57df89f13d8f02d0d41a74f69950526406626de90cd6e67b754817d0ac5e3eec /metadata/aconfig/maps/system.package.map
6ad6ebc42496b0db9cb86a4123b7840562c07d6f4d31c21b43e99ffd7d0d6380 /metadata/aconfig/maps/system.flag.map
fd66a4dd58367472b99273b890c1669011e23be88e87f5471af1d468b7e7d57f /metadata/aconfig/boot/system.val
f49bdf8c23e1763433183b390c4cdd4e1f40d3c9ade450d0c3c51f7d8c4672bc /metadata/aconfig/boot/system.info
f0cbbf5420f324d0e79cfd3f42036ae7bf4d8f31cbcdb036926f9fb7d522cd16 /metadata/aconfig/maps/system_ext.package.map
675adf29b367fe7d62c012585eca796336ec53b3540549c09daf4f9e4fa0fed6 /metadata/aconfig/maps/system_ext.flag.map
2d12357b4fdb4967613ce57b212e5b7e3c4ddf1ff5f440da9c26e1fab3ac3be8 /metadata/aconfig/boot/system_ext.val
9195f567383aa26f5e456ff9f75fcd3ba939be18550fe640c3daa4b8631789eb /metadata/aconfig/boot/system_ext.info
802e8aea459b6a7eda7e1d21db8bf08caee24852e4304d140e55da0b3afd0f5e /metadata/aconfig/maps/vendor.package.map
427bb1afab851e1b9a3b5ff52fa3da355ff574dc9af0b23a9ce6b7e4ac5c063d /metadata/aconfig/maps/vendor.flag.map
1e9296036dacf7a54d5618b1e75de6e4098226552d7128faa643d19e179c66de /metadata/aconfig/boot/vendor.val
efdfe30df554d603d87dc331fd4f061bbc7fb8a2e9e1d931372857165e514cd6 /metadata/aconfig/boot/vendor.info
