# Strict Android 16 GraphicsJNI/HWUI Darwin archive closure identity.
ARCHIVE_COUNT=32
ARCHIVE_MEMBER_TOTAL=1975
GLOBAL_DEFINITION_COUNT=48985
GLOBAL_DEFINITIONS_SHA256=f4f105e0b30714dd707dd58fb5003e419a7acf5138d44bbeaa3150e612d0345a
RELOCATABLE_UNDEFINED_COUNT=776
RELOCATABLE_UNDEFINED_SHA256=fb9298ab2f627c77d4eb451203bada9f65897cf1793ef06b57d1a09de36661b4
PROVIDER_ORDER_LEAK_COUNT=0

# The executable link resolves all 415 Darwin/framework/libc++/lz4/z imports.
# Android.bp whole-static fmt is already carried by module-complete libbase.
EXECUTABLE_PROVIDER_RESOLVED_COUNT=776
MISSING_MODULE_COUNT=0
MISSING_SYMBOL_COUNT=0
MISSING_SYMBOLS_SHA256=e3b0c44298fc1c149afbf4c8996fb92427ae41e4649b934ca495991b7852b855
MISSING_DEMANGLED_SHA256=e3b0c44298fc1c149afbf4c8996fb92427ae41e4649b934ca495991b7852b855

# Same graph for the ART runtime, replacing only the seven-member Layoutlib
# libnativehelper_jvm slot with the seven-member device libnativehelper module.
ART_RUNTIME_ARCHIVE_COUNT=32
ART_RUNTIME_ARCHIVE_MEMBER_TOTAL=1975
ART_RUNTIME_LINK_ORDER_SHA256=02a77ebbe4350b5701dbc8b3117552109088d208c5b648b79477a120f6114e7a
ART_RUNTIME_GLOBAL_DEFINITION_COUNT=48981
ART_RUNTIME_GLOBAL_DEFINITIONS_SHA256=fb5f7455f8f35f15c4b712f0d7af62e2bbb813f94589c5d20fdeecdaf2541cb0
ART_RUNTIME_RELOCATABLE_UNDEFINED_COUNT=776
ART_RUNTIME_RELOCATABLE_UNDEFINED_SHA256=fb9298ab2f627c77d4eb451203bada9f65897cf1793ef06b57d1a09de36661b4
ART_RUNTIME_PROVIDER_ORDER_LEAK_COUNT=0
ART_RUNTIME_EXECUTABLE_PROVIDER_RESOLVED_COUNT=776
ART_RUNTIME_MISSING_MODULE_COUNT=0
ART_RUNTIME_MISSING_SYMBOL_COUNT=0
ART_RUNTIME_MISSING_SYMBOLS_SHA256=e3b0c44298fc1c149afbf4c8996fb92427ae41e4649b934ca495991b7852b855
ART_RUNTIME_MISSING_DEMANGLED_SHA256=e3b0c44298fc1c149afbf4c8996fb92427ae41e4649b934ca495991b7852b855

SKIA_PROJECT=platform/external/skia
SKIA_REVISION=bcb0f77c44783b1800ba37641ba7ecab04f05e07
SKIA_ANDROID_UTILS_SOURCE_COUNT=2
SKIA_BITMAP_REGION_DECODER_SHA256=42f9d215958f1d556f863ff469104e3554bfbf533c27ae7711a568d8bb4c2ac4
SKIA_FRONT_BUFFERED_STREAM_SHA256=6c91175544cce1491ae0174affe45ea967372e6b8bac1b79941891919e6d2253
