# Android 16.0.0_r1 SurfaceFlinger core and generated-interface identity.
SYSTEM_CORE_PROJECT=platform/system/core
SYSTEM_CORE_REVISION=68be0c2c0006a0740d0b1809abe4717308f90d15
SYSTEM_CORE_LIBVNDKSUPPORT_TREE=b976923180fc8ad9e68632c48a62a730003158dd
BIONIC_UAPI_PROJECT=platform/bionic
BIONIC_UAPI_REVISION=09a271af557444c9a6b3f3146d6d474156fd6cdb
BIONIC_UAPI_TREE=a67788ebbe74d471bfd85602c9ab33328da8b804
SYSTEM_LIBHWBINDER_PROJECT=platform/system/libhwbinder
SYSTEM_LIBHWBINDER_REVISION=4b32efe408236d977e2fdb8dbf7dee02e57ce42b
SYSTEM_LIBHWBINDER_TREE=c22c1f1a6c47df8e55e4b38d07eb6a4c19a71ee7
DARWIN_COMMIT_WAIT_PATCH_SHA256=e388ee92bbe898cc800726f20c42f40b96a745be4d6814b218e936e920cabf42
FRAMEWORKS_NATIVE_PROJECT=platform/frameworks/native
FRAMEWORKS_NATIVE_REVISION=2827a4a16b0340ecd07c2d5a6c89991799b362bb
FRAMEWORKS_NATIVE_SERVICES_SURFACEFLINGER_TREE=44c4ddc6720cd5aacbcc10baadf61cd4cb235eb8
FRAMEWORKS_NATIVE_LIBS_RENDERENGINE_TREE=4b306c0b837d62b8f9cde8ce55c5a27385bae4dd
FRAMEWORKS_NATIVE_LIBS_FTL_TREE=06ce418f79bf026354fe1a100ccd402f42455d8a
FRAMEWORKS_NATIVE_LIBS_BINDER_TREE=ca7dcf134125d1f392176631e825ecaa9482b48d
FRAMEWORKS_NATIVE_LIBS_GUI_TREE=838d42eea940cb4033a1d86c865f3dd6a9562539
FRAMEWORKS_NATIVE_LIBS_UI_TREE=28fccc2b5c9b0ee4c640571afebabdf03dce1dc0
FRAMEWORKS_NATIVE_LIBS_GRALLOC_TYPES_TREE=4177a69cf6fc8b0cd935754795e27df5f44fe237
FRAMEWORKS_NATIVE_LIBS_NATIVEWINDOW_TREE=43a9f4a564f8242259b9968946e0dff90ca336d0
SYSTEM_CORE_LIBGRALLOCUSAGE_TREE=f471fd7fd007d09ab572d947d1a5187e392fc69e
SYSTEM_CORE_LIBSYNC_TREE=a8118ac32597aca953b2a967a1d675b46bf806df
FRAMEWORKS_NATIVE_LIBS_INPUT_TREE=209b2b51b907fe92f753a870cfa1d93c08d31b6c
FRAMEWORKS_NATIVE_AIDL_GUI_TREE=735e25c05668fcee2744ddd6bcbf89950839a2ab

HARDWARE_INTERFACES_PROJECT=platform/hardware/interfaces
HARDWARE_INTERFACES_REVISION=5688f7eb1e117ed26e642a695de300b7683acb87
HARDWARE_INTERFACES_COMMON_AIDL_TREE=4faa083341393a2724b052424ff0c72fc66896ef
HARDWARE_INTERFACES_GRAPHICS_COMMON_TREE=43cca5d14a5dae54138c3274fbe501073975b236
HARDWARE_INTERFACES_GRAPHICS_BUFFERQUEUE_TREE=e62c5f14bc1eb6dd3dc0f797ae95c59d6105b6be
HARDWARE_INTERFACES_GRAPHICS_ALLOCATOR_TREE=941517bd3d927b8e0b74e3ff419e021d7e4a7b4d
HARDWARE_INTERFACES_COMMON_SUPPORT_TREE=f3a19acb7f916a0b854c9fa1a69608a179f2732d
HARDWARE_INTERFACES_GRAPHICS_MAPPER_TREE=4ea4ad1425881a36d885192b739b0a528ec1a472
HARDWARE_INTERFACES_GRAPHICS_COMPOSER_AIDL_TREE=53dc89ba78ec9c8609bc1d3ee060a20850b616b2
HARDWARE_INTERFACES_MEDIA_1_0_TREE=296eea41bc27c28f41da196e383180ecd5041443

SYSTEM_LIBHIDL_PROJECT=platform/system/libhidl
SYSTEM_LIBHIDL_REVISION=93f79786f64c02b71ba899a46c34829266f9c370
SYSTEM_LIBHIDL_TREE=2998032cc3ad1d158c2f75e593464748485051f6
SYSTEM_LIBFMQ_PROJECT=platform/system/libfmq
SYSTEM_LIBFMQ_REVISION=674a2103f2bd9bd5505c58e83af3042be2a24adf
SYSTEM_LIBFMQ_TREE=07558eb41bf16fad03941ddab8107810084feee4

PREBUILTS_BUILD_TOOLS_PROJECT=platform/prebuilts/build-tools
PREBUILTS_BUILD_TOOLS_REVISION=8c01d80d728e5bf542e7d754064994d3f1107a7d
HIDL_GEN_SHA256=99fcea69da4dfde9087fdd744854f64e47de30c74d16b9ed1ca030e4a1b03be2
ACONFIG_SHA256=82f2f99f059b60335c84e7dfc030162df1f6941ebc0e45cda87300c80a0c114b

SDK_BUILD_TOOLS_URL=https://dl.google.com/android/repository/build-tools_r36_macosx.zip
SDK_BUILD_TOOLS_ZIP_SHA1=199ae0047ee61e842f8ee0c6d3918e44fb9a1f83
AIDL_SHA256=c422770a410e509659423b290aedd5ea8997c04033df3db2b86d9d6cd1688da3
BUFFER_RELEASE_LENGTH_PATCH_SHA256=816c3244497226a3fa62054fa0743d13d6f9bb539e4f0d874f9e624a8dce43ea
DARWIN_RELEASE_TRANSPORT_PATCH_SHA256=751a797a93de494dae98036bab60f3ef278b596094112d4df8439733c325ba79
DARWIN_BINDER_RPC_PEER_IDENTITY_PATCH_SHA256=21d2c746c49d536e8521732ca5dd2920cbbbf7a930fa540f0edb42426c266a1a
DARWIN_BINDER_RPC_DEATH_LOG_PATCH_SHA256=174cf995608cae4fa491d0ab987da5de85fd4378e5c2cfbe4b46350a738df808
DARWIN_BINDER_PLATFORM_SYSCALLS_PATCH_SHA256=ac764a232a62c051e3ec7d5781ddce863f484cf6fab2c49b6fde4399364d48e7
DARWIN_BINDER_FD_NAMESPACE_PATCH_SHA256=578fe674fe29ab75f91adce88c4db4f151b63a80b85a8ee5a20167a87a411d66
