FRAMEWORKS_BASE_PROJECT=platform/frameworks/base
FRAMEWORKS_BASE_REVISION=99b01a65cc4c104933788b3143285ab6bae65827
ANDROID_OS_PARCEL_CPP_SHA256=b0960a573b9580d18397159b4035131da2a209310d380d4376d6d9c7cb13a5f8
ANDROID_OS_PARCEL_H_SHA256=ec873038e079f985f373e69ab61043f9c93bc86dde426579d79acf1a7752d4fb
ANDROID_UTIL_BINDER_CPP_SHA256=f61479cec5796f8633e20aa965d8d2f553408d5ef99833c7b2edfc88e71cedc0
ANDROID_UTIL_BINDER_H_SHA256=6c4e6a63e7ca429cd2c26a075efdebb662f17d018b076263b71903ef09d32c2f

FRAMEWORKS_NATIVE_PROJECT=platform/frameworks/native
FRAMEWORKS_NATIVE_REVISION=2827a4a16b0340ecd07c2d5a6c89991799b362bb
CALLER_UTILS_H_SHA256=718bb7b916110abf201f784007611b6fda6ba0165362dffc345b73468afd5090
DARWIN_BINDER_RPC_THREAD_ATTACH_PATCH_SHA256=2a025dd9e1c9a08b38dd05c2cc5134ce7177c85b52dcb8e54c8af1ac9fcc1bd4
DARWIN_BINDER_RPC_CALLING_IDENTITY_PATCH_SHA256=afabcfa154e7267285fc9b4e87a0ce258226062064d2b72d40a0d62a01a93d70
DARWIN_BINDER_RPC_CONTEXT_MANAGER_PATCH_SHA256=52e7d7fb5851fe559b6dd371c0871ab2cff884d907dfa25afee9da88b43abc4f
DARWIN_BINDER_RPC_THREAD_STATE_PATCH_SHA256=9d7c007b05354af72a1d0150843466e8975e04f789270f525d61ed3f27beeb7f
DARWIN_BINDER_RPC_PARCEL_STATE_PATCH_SHA256=9c248d0f98250a885decb377f47e54f55753b32f8e790b027c19c7b5f5ced309
DARWIN_CORE_CRITICAL_JNI_ABI_PATCH_SHA256=6a32423531ded03ad906014d7ec3e43358ea125ce5c98a612bad7158f427bcbc
DARWIN_BINDER_RPC_PEER_IDENTITY_PATCH_SHA256=f7c7bfd904a59dd73568fef10b67558b3a974e5302a4def7f274aeba7072c64c
DARWIN_PARCEL_FD_NAMESPACE_PATCH_SHA256=ca2d31b6ac3622ddfb24acd731a9e690509a6fcee2b18e3d2457bf832250437b
