BIONIC_PROJECT=platform/bionic
BIONIC_REVISION=361ba86734fb2821a6adcfdf775db8abd04e0de0
NDK_REVISION=28.2.13676358
ANDROID_API=35
LIBC_IMPORT_MANIFEST_SHA256=20990dbfd74db3a2a1c7d02e479286b032b7754a4c1e71a2cadb64a81cb391f9
NDK_SOURCE_PROPERTIES_SHA256=c00aa236fdb205e9be9edd9e2169763e48aca52735efff4e16f34205d49783b5
NDK_STDLIB_H_SHA256=fcd32a00a088e638ccaf902a9a5a4ceced2ded475048a25240ad55517fdfcbb4
NDK_API35_ARM64_LIBC_SHA256=7fac00920a0b1a4a8da0797beb21eb08db6bde966cc8def5e4d885da8955e7bb
BIONIC_ERRNO_LOCK_SHA256=adacb8432150391d2e3401f863ad524e6d468c0d71482dc27e8e2b3c6486e9ac
BIONIC_ERRNO_SOURCE_SHA256=dd2d6277c521054642cf51c87db393e468a1b6a7deb9f7f1a8885e7c54a175fe
BIONIC_ERRNO_MAPPING_SHA256=cc789f68f56260e40eb689d06b17cb3d1080a4b362e58e1ee07054575cdfa794
UPSTREAM_SOURCES_SHA256=858848141d52898416ef9c1080af96401e424f313c4feb9eb6a10181ed5e55df
IMPORTS_SHA256=d1b33d3f45c0a8ab19beda13ba0f9f1a100a4e116487f24a6197eea2fb297301
HEADER_SHA256=9a73b277e210e6a9499eb9e4c5fe4656edba6077eb273509e524e5cb3b6ac84d
PROVIDER_SHA256=a4d595c7d1f6fb951825086972114f320256955c1c0e307b911772f77ecd90c6
MAIN_SHA256=baa8ee1a8624b6418fa190228a237bcbac981e511980e69e0d6d634357f1bd88
FIXTURE_SHA256=0fbe82ee1d1158d1da5fdc1f2a811ae94f5c80e2f779e5706a04bb5fcf263114
ABI_SHA256=11ee532c0fadcf8de09c25e92530aa8027b2d63d2a20d044820b6cb2aa0c9d2e
DIFFERENTIAL_SHA256=e43095f577084538198141d1e1e6873d966b015ee9cb5480ed40825c9b453ae7
EXPORTS_SHA256=e9d1749ebc3052d5ce692823ab5c0e13059f6e5564525701708f9908c35e66e1
BUILD_RS_SHA256=f6aa00f9886fab030ba4b7013db1e23292329fb47feab5db2da2fdaf5edb9e66
CARGO_TOML_SHA256=4405cf91141e740e7ff8b62d800450adfb4abf1143d21e33ddcf997837ff23a3
CARGO_LOCK_SHA256=358eb69fbbf217bf661ed7031910c7edc0b917ae4db3165964ecc8169524d192
README_SHA256=2743fd958f63e5a4e9ec32d0b49edc3d5fa55f20a9504f884dabc8d6aab02572
AUDIT_SHA256=cbbb2964a3acd62279d94d270e9874dd62954d21baca08167659ded01b61fa22
