BIONIC_PROJECT=platform/bionic
BIONIC_REVISION=361ba86734fb2821a6adcfdf775db8abd04e0de0
NDK_REVISION=28.2.13676358
ANDROID_API=35
NDK_SOURCE_PROPERTIES_SHA256=c00aa236fdb205e9be9edd9e2169763e48aca52735efff4e16f34205d49783b5
NDK_NETDB_SHA256=d0ef196b65897ee0970a419a09cd7f7ac9632afe66775dc23babf51f08a4dfde
NDK_SYS_SOCKET_SHA256=30eb5a88eec2c22cf0b1d47a77124acbc5b0e69b6f0f714953deb5b35018e1fe
NDK_NETINET_IN_SHA256=79c2542f82cd962e4179417e4a8648ad97bb36c0430338bb70145881baf8cc03
README_SHA256=34af0e1f499a006d54c5fc99ad1c21c98e9be807bf8bb97aa6b2943c8141b963
AUDIT_SHA256=5ae50e990bb209b6f33564af4a5034e37a1ce7d57b9407de9f8d5e5238f3784a
HEADER_SHA256=3b22846a38088bfb0f5a70bcd191d136f0f936bbc1bce0880a1464a2cd05b08d
PROVIDER_SHA256=1aff568eca6ea97df1c6e08cfed7e3bd851b7a74b248c0fa3571648464e1103b
FIXTURE_SHA256=eb0071ca1a2b0bac0e2e106b7545f2e740ba71f93f2a2375d0b475ea4a54eb6f
RUNNER_SHA256=f9e29787693b19196888990e6b0588f0f6d7161bd18cace7dafafa587e2f5e81
EXPORTS_SHA256=044bcbfa0968ac7d4d8fa90af4a51e06a137cfe40e68fc01b177ad4d89aef949
IMPORTS_SHA256=39c99ff06ba7c08f532af202e03128b2d43190d8ab8405ee5788e87ebee18f24
UNSUPPORTED_SHA256=b5195a998b9fd575f83d47566ea68821c05e440c817e80f456d1674df000ec0a
UPSTREAM_SOURCES_SHA256=40aef719496a6b0f09dc7a7aaee1c707a2316b26a71bab506f22a0ad76b6e43e
