MASTER=20990dbfd74db3a2a1c7d02e479286b032b7754a4c1e71a2cadb64a81cb391f9
AOSP=fc624de9aaf6dbe5767309bcb82bd10edfb146565390291ec3a07679ab461b15
NDK=c00aa236fdb205e9be9edd9e2169763e48aca52735efff4e16f34205d49783b5
HEADER=327e783a40290dbcc5be3904bb015ffaff85ab9b368ab98a15f793d978cda3eb
ASM=9ff6dc2cc149b748b0afb858becb8337035ed22211647175714ea111ce55a2d1
SOURCE=152d21294b53d12563569d48faab29816e56124d42a58203497577c64e3ab3e2
ALLOCATOR_SOURCE_SHA256=01809cb346aa18bff0a094663ae95a0dc363947510b22f786a309fac0a8c3bb8
ALLOCATOR_OPTIONS_SOURCE_SHA256=2384f7b61e89340f96bbed5414fb86e406f63f8c62cbc5ee9635de46d7ce45fd
ABI=5fb7f3790f285a322e2c30ca88e050642323936a8683f2f89471ebfecf666f21
DIFF=fd614bfcf1b2faa0d5e464911a40639f959033623c3f552f0f7fd5bc76ba5473
RUNNER=55051a7acabd98a3a480bc251787dfe3a2dff1ca659e63d2e7125926bd2093e1
EXPORTS=c5bc5c39b66ce448fd4a7208136b92a96af2428af9dcee393ceb532e1d31e3bb
FIXTURE=930b8820ec12f17b881636171c45de8df55b63f46349f16cadfc38d7e3df3514
README=4e038ebd16d7006046fae4db7006cb413fb3ceeb35880ea86b60976cd66025f5
IMPORTS=ba12263b40a4d52baf2a3f90e47e6c6c0f9d879af6bf04fe8492288090cc7b16
