LLVM_PROJECT=toolchain/llvm-project
LLVM_REVISION=97a699bf4812a18fb657c2779f5296a4ab2694d2
BIONIC_PROJECT=platform/bionic
BIONIC_REVISION=361ba86734fb2821a6adcfdf775db8abd04e0de0
SOURCE_COUNT=2
NDK_REVISION=28.2.13676358
ANDROID_API=35
NDK_SOURCE_PROPERTIES_SHA256=c00aa236fdb205e9be9edd9e2169763e48aca52735efff4e16f34205d49783b5
NDK_LIBCXX_SIZE=9236352
NDK_LIBCXX_SHA256=ab4e6c71b96b851de45a8a9bd86369e7dbc2130a44b3b4520564be94847910f2
NDK_LIBC_SHA256=7fac00920a0b1a4a8da0797beb21eb08db6bde966cc8def5e4d885da8955e7bb
NDK_IOCTL_HEADER_SHA256=959e885dc69c94127c556f2f405a0df513185b1b135d47e193e0331f2b82eba5
NDK_RANDOM_HEADER_SHA256=a4db6f3172134aa7b93c5633df4d814aefb13c6da16ae2aa3f1f18b456b9b44f
LIBC_IMPORT_MANIFEST_SHA256=20990dbfd74db3a2a1c7d02e479286b032b7754a4c1e71a2cadb64a81cb391f9
README_SHA256=d41959a451153df0064cb013126c85678401309097ca84ed1b28f535b2cb705b
AUDIT_SHA256=1282be933d80e3bfde59108fe5a07f5afbcb37ecef61a2ea529efe3e9910ad49
HEADER_SHA256=acbfbe8ebfdcee8ee1d9ee801c418c3b1c98115d51fbeec731df526e97927ce3
IMPORTS_SHA256=04ae435a6c3f422c975c1f6667f00b03ccad59b56ecaa1f718c5c76cf3601cb8
CALLSITES_SHA256=18cdf1411a0d9434d8d6416c016cc5382b1dfd663a0850a4a3999e3f7897fd0e
REQUESTS_SHA256=c996d473424f382754ca1a92f621ab9e194485c3a19717abbb052689f3eef3ef
UNSUPPORTED_SHA256=0b962044ca57fb046fedd2208d443d633f4a3a7d3f7c003f745ae52f0fe5c3b1
UPSTREAM_SOURCES_SHA256=415c98e6c76e092695b90af9307595c273fe3c1d4a60d81f8dab46f594d64c00
ABI_SHA256=b37ed807781e469e84d8192f186eb05af55bf0141fe384512666a6e156c33d4e
ELF_RUNNER_SHA256=ac2ac6d49da1a0182e45bb92405bbfcee41fb314a50cbf37e0d283f82aa2e02a
EXPORTS_SHA256=52c2a3db5218cbb1497625238206c15bbe399b5bb740d9c3e90a66451f40e84e
FIXTURE_SHA256=10d80e2bceb748b8a127efc4db805bd22932c88d7c4663ef6334c42bbf42128c
SOCKET_BROKER_STUB_SHA256=1258a2f27e20c3d3a8703bac5894fede24a6c8f7b4fbb01517794adf724dbf0a
ENTRY_SHA256=cbf73db600c17c39cfa45604fa18b1a630e67a81e5f622b9a5f13fcc50e42720
PROVIDER_SHA256=6f4c38c61929e513b7df58cb2f22116edca7dd4a00cc5f9c2e956b0746a6d407
