ANDROID_TAG=android-16.0.0_r1
ICU_PROJECT=platform/external/icu
ICU_REVISION=f17caeafcf20bd38074a9963c31df3629b70b5f5
ICU_JNI_SUBTREE=android_icu4j/libcore_bridge/src/native

ANDROID_BP_SHA256=c74ca14df1ecf06b6a4cf63997214a2c6384e90ed4ce2a74836eb331c5f35f48
CPP_SOURCE_COUNT=15
CPP_SOURCE_MANIFEST_SHA256=2f8751b53722c134a94fee5e699ce361ddc026086592b483d9bef2a90a6ec355
HEADER_SOURCE_COUNT=5
HEADER_SOURCE_MANIFEST_SHA256=395775c750bf75ab4dc42eb4807dcda6d873681f6fcc09568d233577cd83fdf8
SOURCE_TREE_MANIFEST_SHA256=09252b283331aac36544353b72b29e1410abb7e46a76f2f401ab0e4d3e8c37f8
BYTESWAP_COMPAT_SHA256=33730c7e7ce0529fc4d2cd3051839b09b4504dbac3f86d98193c9311e4c58a4a
STDATOMIC_COMPAT_SHA256=b07443609b8cbf03f2bba7989eaba76252da1ce2b7071cc13d611c16a6efcf17
PUBLIC_HEADER_SHA256=7ae3f785b34aa8211a5534e1d940f967e4376f3367e1829982a96b2950977f7d

ARCHIVE_MEMBER_COUNT=15
ARCHIVE_MEMBER_MANIFEST_SHA256=16d35409e0ddb21e2da893ea7a30f23f161478e51be426e088a0928bf09fb1fd
GLOBAL_DEFINITION_COUNT=71
GLOBAL_DEFINITION_MANIFEST_SHA256=335288933932c13823048bcdc9f0a4e41b2d20507818042fab7d4deef26dccb5
UNDEFINED_SYMBOL_COUNT=162
UNDEFINED_SYMBOL_MANIFEST_SHA256=cf114ee0c16614f2da824cc2e4dbf0df2421cd6824d90fd74605caddeb628ccd
SAFE_JNI_ONLOAD_SYMBOL=aim_icu_jni_on_load
SAFE_JNI_ONUNLOAD_SYMBOL=aim_icu_jni_on_unload
