FRAMEWORKS_BASE_PROJECT=platform/frameworks/base
FRAMEWORKS_BASE_REVISION=99b01a65cc4c104933788b3143285ab6bae65827
APPLICATION_SHARED_MEMORY_SHA256=9ff81f3ae2819c0b34359aa939bc1bfe8edfda8f3090690f038d8d3a720674ce
PROPERTY_CACHE_HEADER_SHA256=6a26f95cdb05c277d08ac496c555fcfaf3a4f94fee2786f6ed02c2bebf7df4d4
PROPERTY_CACHE_SOURCE_SHA256=153eca7dd4bfd8b4bfc2c7e332e66c301b387ce524bd3d8d237d38564bbc3cde
DARWIN_REGION_PATCH_SHA256=cca3dd89c5cfecc9248fd2fbc3fab3aa595ca3b80d54b6ace85c5acaf9acaec6
