FRAMEWORKS_BASE_PROJECT=platform/frameworks/base
FRAMEWORKS_BASE_REVISION=99b01a65cc4c104933788b3143285ab6bae65827
ANDROID_OS_PARCEL_CPP_SHA256=b0960a573b9580d18397159b4035131da2a209310d380d4376d6d9c7cb13a5f8
ANDROID_OS_PARCEL_H_SHA256=ec873038e079f985f373e69ab61043f9c93bc86dde426579d79acf1a7752d4fb
ANDROID_UTIL_BINDER_CPP_SHA256=f61479cec5796f8633e20aa965d8d2f553408d5ef99833c7b2edfc88e71cedc0
ANDROID_UTIL_BINDER_H_SHA256=6c4e6a63e7ca429cd2c26a075efdebb662f17d018b076263b71903ef09d32c2f

FRAMEWORKS_NATIVE_PROJECT=platform/frameworks/native
FRAMEWORKS_NATIVE_REVISION=2827a4a16b0340ecd07c2d5a6c89991799b362bb
CALLER_UTILS_H_SHA256=718bb7b916110abf201f784007611b6fda6ba0165362dffc345b73468afd5090
DARWIN_BINDER_RPC_THREAD_ATTACH_PATCH_SHA256=7e0f5edb7c9ad658a5c178378e9c01b428ac9004ea38e394ef37ffada7276cd0
DARWIN_BINDER_RPC_CALLING_IDENTITY_PATCH_SHA256=9068107d4f9a210e825584a06eddc184f8eef645a40135e279fc32d0ee95018e
DARWIN_BINDER_RPC_CONTEXT_MANAGER_PATCH_SHA256=a0511696e13527b7619aedb0aef60be87224ff604d4bb9051202626453f602a2
DARWIN_BINDER_RPC_THREAD_STATE_PATCH_SHA256=29e01122b0e3ca829e3a9db9c233ae73511db5dc94555dfad559f1a5402cb350
DARWIN_BINDER_RPC_PARCEL_STATE_PATCH_SHA256=13bc2372b1ecdf3997ae8fb83be36f7bbf095719e308dc98934cb56cc3378f91
DARWIN_CORE_CRITICAL_JNI_ABI_PATCH_SHA256=ce2f6f83d099c916f6e03ef8f53f1a295c47a8436b9b08b89c6b158d6f96369e
DARWIN_BINDER_RPC_PEER_IDENTITY_PATCH_SHA256=f7c7bfd904a59dd73568fef10b67558b3a974e5302a4def7f274aeba7072c64c
DARWIN_PARCEL_FD_NAMESPACE_PATCH_SHA256=27d4a891d5d72865ff9bff070477a822129107a35f6f8c9b711d4412e2cfa6c2
DARWIN_BINDER_RECIPIENT_PRESENCE_PATCH_SHA256=4136da621ea5a355fabf1062543a7e6369b40bb18603dc3ecf2e9de4f703a78a
