# Android 16 IThermalService contract used by the desktop endpoint.
FRAMEWORK_THERMAL_PATH=_prebuilt/android-16/bootclasspath/framework.jar
FRAMEWORK_THERMAL_SHA256=ae3d578e3c4cd28ad822d0bc7b35fa308800f440472f54f2aff8aa5c1e22cd91
ITHERMAL_SERVICE_DESCRIPTOR=android.os.IThermalService
REGISTER_THERMAL_EVENT_LISTENER_SIGNATURE='boolean registerThermalEventListener(android.os.IThermalEventListener)'
REGISTER_THERMAL_EVENT_LISTENER_TRANSACTION=1
REGISTER_THERMAL_EVENT_LISTENER_WITH_TYPE_SIGNATURE='boolean registerThermalEventListenerWithType(android.os.IThermalEventListener,int)'
REGISTER_THERMAL_EVENT_LISTENER_WITH_TYPE_TRANSACTION=2
UNREGISTER_THERMAL_EVENT_LISTENER_SIGNATURE='boolean unregisterThermalEventListener(android.os.IThermalEventListener)'
UNREGISTER_THERMAL_EVENT_LISTENER_TRANSACTION=3
GET_CURRENT_TEMPERATURES_SIGNATURE='android.os.Temperature[] getCurrentTemperatures()'
GET_CURRENT_TEMPERATURES_TRANSACTION=4
GET_CURRENT_TEMPERATURES_WITH_TYPE_SIGNATURE='android.os.Temperature[] getCurrentTemperaturesWithType(int)'
GET_CURRENT_TEMPERATURES_WITH_TYPE_TRANSACTION=5
REGISTER_THERMAL_STATUS_LISTENER_SIGNATURE='boolean registerThermalStatusListener(android.os.IThermalStatusListener)'
REGISTER_THERMAL_STATUS_LISTENER_TRANSACTION=6
UNREGISTER_THERMAL_STATUS_LISTENER_SIGNATURE='boolean unregisterThermalStatusListener(android.os.IThermalStatusListener)'
UNREGISTER_THERMAL_STATUS_LISTENER_TRANSACTION=7
GET_CURRENT_THERMAL_STATUS_SIGNATURE='int getCurrentThermalStatus()'
GET_CURRENT_THERMAL_STATUS_TRANSACTION=8
GET_CURRENT_COOLING_DEVICES_SIGNATURE='android.os.CoolingDevice[] getCurrentCoolingDevices()'
GET_CURRENT_COOLING_DEVICES_TRANSACTION=9
GET_CURRENT_COOLING_DEVICES_WITH_TYPE_SIGNATURE='android.os.CoolingDevice[] getCurrentCoolingDevicesWithType(int)'
GET_CURRENT_COOLING_DEVICES_WITH_TYPE_TRANSACTION=10
GET_THERMAL_HEADROOM_SIGNATURE='float getThermalHeadroom(int)'
GET_THERMAL_HEADROOM_TRANSACTION=11
GET_THERMAL_HEADROOM_THRESHOLDS_SIGNATURE='float[] getThermalHeadroomThresholds()'
GET_THERMAL_HEADROOM_THRESHOLDS_TRANSACTION=12
REGISTER_THERMAL_HEADROOM_LISTENER_SIGNATURE='boolean registerThermalHeadroomListener(android.os.IThermalHeadroomListener)'
REGISTER_THERMAL_HEADROOM_LISTENER_TRANSACTION=13
UNREGISTER_THERMAL_HEADROOM_LISTENER_SIGNATURE='boolean unregisterThermalHeadroomListener(android.os.IThermalHeadroomListener)'
UNREGISTER_THERMAL_HEADROOM_LISTENER_TRANSACTION=14
