# Android 16 framework IJobScheduler contract used by the desktop endpoint.
FRAMEWORK_JOB_SCHEDULER_PATH=_prebuilt/android-16/bootclasspath/framework.jar
FRAMEWORK_JOB_SCHEDULER_SHA256=ae3d578e3c4cd28ad822d0bc7b35fa308800f440472f54f2aff8aa5c1e22cd91
IJOB_SCHEDULER_DESCRIPTOR=android.app.job.IJobScheduler
SCHEDULE_SIGNATURE='int schedule(java.lang.String,android.app.job.JobInfo)'
SCHEDULE_TRANSACTION=1
ENQUEUE_SIGNATURE='int enqueue(java.lang.String,android.app.job.JobInfo,android.app.job.JobWorkItem)'
ENQUEUE_TRANSACTION=2
SCHEDULE_AS_PACKAGE_SIGNATURE='int scheduleAsPackage(java.lang.String,android.app.job.JobInfo,java.lang.String,int,java.lang.String)'
SCHEDULE_AS_PACKAGE_TRANSACTION=3
CANCEL_SIGNATURE='void cancel(java.lang.String,int)'
CANCEL_TRANSACTION=4
CANCEL_ALL_SIGNATURE='void cancelAll()'
CANCEL_ALL_TRANSACTION=5
CANCEL_ALL_IN_NAMESPACE_SIGNATURE='void cancelAllInNamespace(java.lang.String)'
CANCEL_ALL_IN_NAMESPACE_TRANSACTION=6
GET_ALL_PENDING_JOBS_SIGNATURE='java.util.Map getAllPendingJobs()'
GET_ALL_PENDING_JOBS_TRANSACTION=7
GET_ALL_PENDING_JOBS_IN_NAMESPACE_SIGNATURE='android.content.pm.ParceledListSlice getAllPendingJobsInNamespace(java.lang.String)'
GET_ALL_PENDING_JOBS_IN_NAMESPACE_TRANSACTION=8
GET_PENDING_JOB_SIGNATURE='android.app.job.JobInfo getPendingJob(java.lang.String,int)'
GET_PENDING_JOB_TRANSACTION=9
GET_PENDING_JOB_REASON_SIGNATURE='int getPendingJobReason(java.lang.String,int)'
GET_PENDING_JOB_REASON_TRANSACTION=10
GET_PENDING_JOB_REASONS_SIGNATURE='int[] getPendingJobReasons(java.lang.String,int)'
GET_PENDING_JOB_REASONS_TRANSACTION=11
GET_PENDING_JOB_REASONS_HISTORY_SIGNATURE='java.util.List getPendingJobReasonsHistory(java.lang.String,int)'
GET_PENDING_JOB_REASONS_HISTORY_TRANSACTION=12
CAN_RUN_USER_INITIATED_JOBS_SIGNATURE='boolean canRunUserInitiatedJobs(java.lang.String)'
CAN_RUN_USER_INITIATED_JOBS_TRANSACTION=13
HAS_RUN_USER_INITIATED_JOBS_PERMISSION_SIGNATURE='boolean hasRunUserInitiatedJobsPermission(java.lang.String,int)'
HAS_RUN_USER_INITIATED_JOBS_PERMISSION_TRANSACTION=14
GET_STARTED_JOBS_SIGNATURE='java.util.List getStartedJobs()'
GET_STARTED_JOBS_TRANSACTION=15
GET_ALL_JOB_SNAPSHOTS_SIGNATURE='android.content.pm.ParceledListSlice getAllJobSnapshots()'
GET_ALL_JOB_SNAPSHOTS_TRANSACTION=16
REGISTER_USER_VISIBLE_JOB_OBSERVER_SIGNATURE='void registerUserVisibleJobObserver(android.app.job.IUserVisibleJobObserver)'
REGISTER_USER_VISIBLE_JOB_OBSERVER_TRANSACTION=17
UNREGISTER_USER_VISIBLE_JOB_OBSERVER_SIGNATURE='void unregisterUserVisibleJobObserver(android.app.job.IUserVisibleJobObserver)'
UNREGISTER_USER_VISIBLE_JOB_OBSERVER_TRANSACTION=18
NOTE_PENDING_USER_REQUESTED_APP_STOP_SIGNATURE='void notePendingUserRequestedAppStop(java.lang.String,int,java.lang.String)'
NOTE_PENDING_USER_REQUESTED_APP_STOP_TRANSACTION=19
JOB_SCHEDULER_SERVICE_NAME=jobscheduler
