FRAMEWORKS_NATIVE_REVISION=2827a4a16b0340ecd07c2d5a6c89991799b362bb
FRAMEWORKS_BASE_REVISION=99b01a65cc4c104933788b3143285ab6bae65827
PERFETTO_REVISION=be28dac0fa653fa627e0b1f0e58549d730bfb28d
ANGLE_BUILD_ROOT_REVISION=37c976ffba9d2940add977cad9945b23de14c150
TRACE_JNI_SHA256=c2de033aed05d8363a071bb46c82c3a446ebd44c32e586a64cdcce26acb6a2c2
DYNAMIC_TRACK_NAME_PATCH_SHA256=b7f810b25e2ddecb7616d4620ed6cde1bd999aa87f46fbfbbbd8f962852d2d26
