FRAMEWORKS_NATIVE_REVISION=2827a4a16b0340ecd07c2d5a6c89991799b362bb
FRAMEWORKS_BASE_REVISION=99b01a65cc4c104933788b3143285ab6bae65827
LIB_SHA256=88e5afb9a145d2f348c06f7c495de60b1dfa810be15bc49978c3c7430a6c2843
CORE_SHA256=0dfc7e64f5a542787a4549ce73fc4a4d24396278c5ea9f904004b1fa2caa1bba
EVENT_SHA256=0e73fb85e22a6394ec73b54d0118af6a1427423f2342bcd63507d4bea386df89
EVENT_TYPE_SHA256=45b75affbb9c6c1c735007819cce057a62baa9ce715393cd3055e0e956472e65
STORAGE_SHA256=bb2e9fecd4155f48b559781b9d927e90945d11d430aa5466ab71681b1c7bb376
JNI_SHA256=879c92669f48b88c7673914ab15dea42fbef4928aaa6a7d7c15963782753b63f
