# The official CTS release the native system services are tested against
# (ADR 0013, "Conformance bar"; docs/system-services.md): the Android 16
# arm64 CTS, r1, for the pinned image (BE2A.250530.026.F3, security patch
# 2025-07-05). Built from AOSP (Apache-2.0) with its test libraries; a local
# test input, never shipped or committed. tools/cts-module.py fetches the
# pinned entries into _build/cts with range requests.
URL=https://dl.google.com/dl/android/cts/android-cts-16_r1-linux_x86-arm.zip
SIZE=18629012254

# entry|sha256 of the inflated file
"android-cts/testcases/CtsContentTestCases/CtsContentUriTestApp.apk|c077711943a5e0db9b4c7d110ea5c5e92bb17f29472c20c1d9f57ae0bc83ebc5"
"android-cts/testcases/CtsContentTestCases/arm64/CtsContentTestCases.apk|5303d9039d26445f19b8ac5b93dc6c2a942c938f96ddabab537372838b94e2e3"
"android-cts/testcases/CtsNotificationTestCases/arm64/CtsNotificationTestCases.apk|d66585ff3a748214936f7bc270cb28e5717c2e5b9c25b39ae5500c8f8c9e187a"
"android-cts/testcases/CtsNotificationTestCases/CtsAppTestStubs.apk|e029f04c4d1e03d86abf146b8c05e4e6b9119255a6746cab61d71bc9b52df3b6"
"android-cts/testcases/CtsNotificationTestCases/NotificationApp.apk|003f4d615b8f0fd9037679a5ae30d7806d6d0972c84a8f67fd9e52b093f1ad82"
"android-cts/testcases/CtsNotificationTestCases/NotificationProvider.apk|9177be4a4e1b0c36a90667b89428263cfd9f75f058a9822c858dd0bc19874299"
"android-cts/testcases/CtsNotificationTestCases/NotificationListener.apk|b1add0686e92fe51f3d03c0221ed5d27e7fd20736334c30b29fb085ea9b82bb8"
"android-cts/testcases/CtsNotificationTestCases/NotificationTrampoline.apk|bbfce6def4c22c949ca0f0d952feb65bc4e9fba46e5f455c45938ffc40917033"
"android-cts/testcases/CtsNotificationTestCases/NotificationTrampolineApi30.apk|9032a3d8c76c6cf3a05d35c95ffa1faadce584dc21bfa50527dbfc7b9954332c"
"android-cts/testcases/CtsNotificationTestCases/NotificationTrampolineApi32.apk|7473191e9cc2d14fecfb34e33624edf2a6f959ed4120ece0fc36e526c1f5ac8d"
"android-cts/testcases/CtsNotificationTestCases/NotificationPressure00.apk|e690a28378fbfbd6807e57cb906f3af381d1bd8dae16847e452bc432b651da9f"
"android-cts/testcases/CtsNotificationTestCases/NotificationPressure01.apk|143b05afc80d082c6be52b146ea0b7ec0fc2bbfd35152f0aa8ec603329996b1b"
"android-cts/testcases/CtsNotificationTestCases/NotificationPressure02.apk|927b74fdac4dc5fb0efaa8e5dbb7bf0a7429866c78a699bb70b2357d044dc883"
"android-cts/testcases/CtsNotificationTestCases/NotificationPressure03.apk|8a59bd35da267a99c97b2a04892753103f06dd4a5207519ce8768c36d23d1d53"
"android-cts/testcases/CtsNotificationTestCases/NotificationPressure04.apk|b0f70e143c04ce00dd4eb159aff32901a7d8c7780b721fcb6567be3bb76b1d57"
"android-cts/testcases/CtsNotificationTestCases/NotificationPressure05.apk|6a8aee8cc406f99fe70e45af24c072eb2f9fb42061d75706aa808ef32f7e1d86"
"android-cts/testcases/CtsNotificationTestCases/NotificationPressure06.apk|064a7bb97b24c40fb785ce1496a01d8667c1c51bf1f975b5aeda40e35d3d5501"
"android-cts/testcases/CtsNotificationTestCases/NotificationPressure07.apk|3d1aead8d4451eb6fab276db7e9efa5cbb516d695096a1885275ea3eb382e321"
"android-cts/testcases/CtsVibratorTestCases/arm64/CtsVibratorTestCases.apk|e9f19f3bccadb725bf8516321a38b96d0f0e53702689133ca1e5a8c15899777d"
"android-cts/testcases/CtsVibratorTestCases/CtsVibratorTestCases.config|35c1eebcea5367893b19c03bd8a1f1184bfa32fab461f41688d6e4656c8b64c7"
"android-cts/testcases/CtsLocationFineTestCases/arm64/CtsLocationFineTestCases.apk|22dbedb3e347490be5278962da7033700345d0f11c91eb998c5f0bb7e9d59e72"
"android-cts/testcases/CtsLocationFineTestCases/CtsLocationFineTestCases.config|9cb7ae2b6b498d72011e218760e9949da7007fa4addea8fd5c1ad76ad1e69f33"
"android-cts/testcases/CtsLocationCoarseTestCases/arm64/CtsLocationCoarseTestCases.apk|ff5ebbf9f50e457fe1567ec1e88b88918f230bfb3d3c1134d17fa6f939aedeb6"
"android-cts/testcases/CtsLocationCoarseTestCases/CtsLocationCoarseTestCases.config|4fb0083622b31ba52db4700f87e12fb6f89e16ae9ca24abe4383b1fd35379c06"
"android-cts/testcases/CtsLocationNoneTestCases/arm64/CtsLocationNoneTestCases.apk|8cea3abc6754abdb484299f64fb2af2e2800505931b5b85c957a257dff0500e1"
"android-cts/testcases/CtsLocationNoneTestCases/CtsLocationNoneTestCases.config|47e94c5cd178379374cb2791393df71436855bb36c46c3f38ca2a77f4f385219"
"android-cts/testcases/CtsLocationGnssTestCases/arm64/CtsLocationGnssTestCases.apk|bc15ddc7391ba51204eb433882c480532869b72c616b342a8b6fed35de0a4208"
"android-cts/testcases/CtsLocationGnssTestCases/CtsLocationGnssTestCases.config|19337d5d409f3631c32d322f7f70a6530cb528a8f3eff7d859a3ab5d5150132f"
"android-cts/testcases/CtsLocationPrivilegedTestCases/arm64/CtsLocationPrivilegedTestCases.apk|faaff6269525d72b2386e9bf2e456eecf48906d8bd404cf7588358babbefdbae"
"android-cts/testcases/CtsLocationPrivilegedTestCases/CtsLocationPrivilegedTestCases.config|9ee5c2043a83caf4fbaef4e64354f04d470c33adda76e88b635e71a54a8780b9"
"android-cts/testcases/CtsWallpaperTestCases/arm64/CtsWallpaperTestCases.apk|f1935f1601a9826408f5a4c3b44a5e3985b0f0716a198fa827c56be72888b332"
"android-cts/testcases/CtsWallpaperTestCases/CtsWallpaperTestCases.config|4971d95e8290a26d7b509364e3f64fd50a365de97d3b12097aa7d2c1fb79b99b"
"android-cts/testcases/CtsWidgetTestCases/arm64/CtsWidgetTestCases.apk|0ff311ab451e2257f300f7a680fe4e9751ba26bf28d1d5449b21fafb2aae6ae0"
"android-cts/testcases/CtsWidgetTestCases/CtsWidgetTestCases.config|9670eecb7559ba402c2bc100d46100633b93a339772578b60e7fed7ef0e3a0e6"
"android-cts/testcases/CtsWidgetTestCases/CtsWidgetApp.apk|cbd7c520da6e9b786f7ee0fbd4cd84d3bd68c000ee4d1e34bb621e9d83901079"
"android-cts/testcases/CtsWidgetTestCases/TestIme.apk|083f8039328448a974244bb3d81e19d54fe37dc874a17ee15b86951043d40c37"
"android-cts/testcases/CtsToastTestCases/arm64/CtsToastTestCases.apk|0c8587c415151d5a39d1ef23c8cf1180f585e2e08008a56ea49e782179575aa3"
"android-cts/testcases/CtsToastTestCases/CtsToastTestCases.config|1423a1a4fe87616dc3151c939d305a0c685a9c2262d62afeb96a72d4888c50c8"
"android-cts/testcases/CtsToastLegacyTestCases/arm64/CtsToastLegacyTestCases.apk|2c3a4ae1ea564be73c07bb622703ba065c1c123398a9ce963644dda81258ba4f"
"android-cts/testcases/CtsToastLegacyTestCases/CtsToastLegacyTestCases.config|15a7e42ce162cf159df6f6fea354e63675074a23f90dc138905a449c9da67a14"
"android-cts/testcases/CtsBiometricsTestCases/arm64/CtsBiometricsTestCases.apk|17d3cf3f5dbbc7da50d07a6e9ba642b6e9d8433422bf4de4f9fff02663503150"
"android-cts/testcases/CtsBiometricsTestCases/CtsBiometricsTestCases.config|611cbba6848365cbfcdf223d98c1e5da88b01ca62f1ab3f2d567d93e717e3c9c"
"android-cts/testcases/CtsBiometricsTestCases/CtsBiometricServiceTestApp.apk|8f055087321d58aaafa8075c8e595c1e7ddc5422996ca9cae34958d3cba6489c"
"android-cts/testcases/CtsBiometricsTestCases/CtsBiometricServiceUtilTestApp.apk|9f3c11f95489ed54dda7865a6b1aaac4d4000a76eee1ededed3dd9a2a19afd5e"
"android-cts/testcases/CtsMediaProjectionTestCases/arm64/CtsMediaProjectionTestCases.apk|98b407dc4446c482fc1be0d165f26608e49d95ee6840db0a5065b36df174bd8f"
"android-cts/testcases/CtsMediaProjectionTestCases/CtsMediaProjectionTestCases.config|4fb92f90e441724e91d047a654536fe037aa4fe2a49c9ca3408f86fce18101d7"
"android-cts/testcases/CtsMediaProjectionTestCases/CtsMediaProjectionTestCasesHelperApp.apk|332b5a0cd49b5f942da4702050e83ffe1305d6ca2eb9ffde081bd9381cf93cc3"
"android-cts/testcases/CtsMediaProjectionSDK33TestCases/arm64/CtsMediaProjectionSDK33TestCases.apk|60c90b3e0e87f9c759a454c60f301ad33cade967df06a176af9f1152c3ba9e63"
"android-cts/testcases/CtsMediaProjectionSDK33TestCases/CtsMediaProjectionSDK33TestCases.config|3538590bc1b48f5254bd9d7fc019564f6489112fa81302fc1fb5ebda377cf107"
"android-cts/testcases/CtsMediaProjectionSDK34TestCases/arm64/CtsMediaProjectionSDK34TestCases.apk|c67f9a5f8f203a9d496fbc5f168bd471130b8a49565dc98e515bb2763d325823"
"android-cts/testcases/CtsMediaProjectionSDK34TestCases/CtsMediaProjectionSDK34TestCases.config|69d6141f05252660b444e403d6883a1593ac78ec903029f15c5dc929bf492043"
"android-cts/testcases/CtsThermalTestCases/CtsThermalTestCases.config|d91c69a8ed8653aa204eff5a5bc5440b061cb98662589b926bf23d63c6fd4751"
"android-cts/testcases/CtsThermalTestCases/arm64/CtsThermalTestCases.apk|b5836a9d63768bad203eca8181d44ae10051ebb92a1fe27389e8ec1823d33fe3"
"android-cts/testcases/CtsAppOpsTestCases/arm64/CtsAppOpsTestCases.apk|2e3ce32b726a0a15eb523d976752a655031674d2cef865745f121c3beb3a554d"
"android-cts/testcases/CtsAppOpsTestCases/CtsAppOpsTestCases.config|e5d452f2df522911427e09e7eb1c1d874e01e4e27be985fbcd0f780d7bd5e73f"
"android-cts/testcases/CtsAppOpsTestCases/CtsAppThatUsesAppOps.apk|f5b24afaefc052b3e230980e5e00522de6417dbae03e25a4572114132e96c608"
"android-cts/testcases/CtsAppOpsTestCases/AppInBackground.apk|82b36b1521f56cb00d886157ff8ae2f5700d7b5c01f3fd83e5c367d4b6cc792d"
"android-cts/testcases/CtsAppOpsTestCases/AppThatCanBeForcedIntoForegroundStates.apk|996d6639c9fb0ac8b1a9d4c960f8b460f80fecd21e6f012948a8fe34de8b3942"
"android-cts/testcases/CtsAppOpsTestCases/AppForDiscreteTest.apk|7cf9eb58662bfba6200d9c8b269523885d7b24681d45b2deb79bb5206268d6a4"
"android-cts/testcases/CtsOsTestCases/CtsOsTestCases.config|81b6182d82fb3e2672d14a8d17aecd5f43c562a19eaf4fe5ee8fd898268d65ef"
"android-cts/testcases/CtsOsTestCases/arm64/CtsOsTestCases.apk|87fdf3d47bbe32b0913db987eae9e6b18fa623ed9ca9cfe104b2d72cc3a09707"
"android-cts/testcases/CtsPermissionTestCases/AppThatDefinesUndefinedPermissionGroupElement.apk|ae5fd3d5d651c6458bb107c672699e4776969c20d329b5d0a46ece0dec3956f6"
"android-cts/testcases/CtsPermissionTestCases/AppThatDoesNotHaveBgLocationAccess.apk|a3b7b0a4a413855cc82bd51512eb7e4b1759370bd0bffd1f0feca2be29f557e2"
"android-cts/testcases/CtsPermissionTestCases/CtsAdversarialPermissionDefinerApp.apk|671417e36be28dd185dfe3e89a0643a555ce383e457ec88420a7e0a0023891bf"
"android-cts/testcases/CtsPermissionTestCases/CtsAdversarialPermissionUserApp.apk|b98ff1b4d6712d506281f27b8d340e69795091563fa1a143b58a379a98d51816"
"android-cts/testcases/CtsPermissionTestCases/CtsAppThatAccessesLocationOnCommand.apk|aec44f2b7b914a1bbe791a4720e24dde7541c793c929d803a3cfbc4a08b18e21"
"android-cts/testcases/CtsPermissionTestCases/CtsAppThatAlsoDefinesPermissionA.apk|81fc5722395b56da1c723f2227039f7c64d108bf8688420ea3dc1e4f71f5227b"
"android-cts/testcases/CtsPermissionTestCases/CtsAppThatAlsoDefinesPermissionADifferentCert.apk|f5c8ca11d7187687d675caa32d250b659d5debe3e9408b5dcebadc7de077f26f"
"android-cts/testcases/CtsPermissionTestCases/CtsAppThatAlsoDefinesPermissionGroupADifferentCert.apk|eed86faeda6ddc43b73173756dd9aa3df2a3be4f7ab3411f60fb067093e0e831"
"android-cts/testcases/CtsPermissionTestCases/CtsAppThatAlsoDefinesPermissionGroupADifferentCert30.apk|de25d10618707301755b7168ec7c684f200a00b8d0e7adad2aa152099b7154aa"
"android-cts/testcases/CtsPermissionTestCases/CtsAppThatDefinesPermissionA.apk|cf1fc68ff7dba4da008b745ef2d009db49a77695936cab6a4aa31e967431f2b5"
"android-cts/testcases/CtsPermissionTestCases/CtsAppThatDefinesPermissionInPlatformGroup.apk|5f9df97434df4fc734683c724050e54417cdcd1e78797d40ce634341ce9875a4"
"android-cts/testcases/CtsPermissionTestCases/CtsAppThatDefinesPermissionWithInvalidGroup.apk|46d1f22020bd6fba1f7e3895d3ee07ad75e3643617bb64b546a0e57fefbf355d"
"android-cts/testcases/CtsPermissionTestCases/CtsAppThatDefinesPermissionWithInvalidGroup30.apk|21b2eb8e7da8b7755eb3072f9516ae02b3c91d95f88e93c580e62da9daeb6bdf"
"android-cts/testcases/CtsPermissionTestCases/CtsAppThatHasNotificationListener.apk|0cda1b8df053b0a09c4eacb611a737f553c7c23f4ac052ced4a00453dcc4a368"
"android-cts/testcases/CtsPermissionTestCases/CtsAppThatRequestCustomCameraPermission.apk|a02b293d08e15990dc7f30df46a3b4407535e6532d2c859dacd10e182689a318"
"android-cts/testcases/CtsPermissionTestCases/CtsAppThatRequestsBluetoothPermission30.apk|fcb447865f7fbebee87b94395247963ea0e745a5035c684e87c56ad7d892e930"
"android-cts/testcases/CtsPermissionTestCases/CtsAppThatRequestsBluetoothPermission31.apk|6dddfe135bf4a080d06bb5f090c8589e9e8025ed73aa6c0689323491275d4825"
"android-cts/testcases/CtsPermissionTestCases/CtsAppThatRequestsBluetoothPermissionNeverForLocation31.apk|7b36adc0c7063612fe1575989398a74f19d860c52ac224141df2b7954d35768d"
"android-cts/testcases/CtsPermissionTestCases/CtsAppThatRequestsBluetoothPermissionNeverForLocationNoProvider.apk|79dc871093141cf2bce5c02482a516cf60965cb3a9d6b9e4debdfd3f32c6471c"
"android-cts/testcases/CtsPermissionTestCases/CtsAppThatRequestsCalendarContactsBodySensorCustomPermission.apk|1224ca4d2a90227a3596fa9e82408634d7592d08733634ecafafd33a4896f00d"
"android-cts/testcases/CtsPermissionTestCases/CtsAppThatRequestsContactsAndCallLogPermission16.apk|0d2636c4808c015f61905b1c3585d43f7851b80eb4428c6aeb7c250af3b70a3e"
"android-cts/testcases/CtsPermissionTestCases/CtsAppThatRequestsContactsPermission15.apk|72f1c0eb9cbbb6e8fb2ebe50ee575bc4035640b451e105d3236627444c632605"
"android-cts/testcases/CtsPermissionTestCases/CtsAppThatRequestsContactsPermission16.apk|60003c17a740306ed9ad6820a27e1a5573b26ece3d6a5cd4028a6f7f68f15648"
"android-cts/testcases/CtsPermissionTestCases/CtsAppThatRequestsDevicePermissions.apk|1fe866b5cdc2412a8d42ac366609aa34ea5221873ab0943b78aa914a2a86908a"
"android-cts/testcases/CtsPermissionTestCases/CtsAppThatRequestsLocationAndBackgroundPermission28.apk|b0bf5029fcd91f38be845ed70fc435bbb9a7e7f4ea0a18cc67714ea1721a3331"
"android-cts/testcases/CtsPermissionTestCases/CtsAppThatRequestsLocationAndBackgroundPermission29.apk|ccd0877a74553b05555868c2d76d833181a4200dcfce6b8ef4d4390bfc200f24"
"android-cts/testcases/CtsPermissionTestCases/CtsAppThatRequestsLocationPermission22.apk|78217c6ab64196f25fd03c347f46ad60f27d44cc299570df01fe3eb88bd14cd4"
"android-cts/testcases/CtsPermissionTestCases/CtsAppThatRequestsLocationPermission28.apk|550c1eca8d35089ebc375f73ec89d91363b13425bf5d9bdc421e5d0f93528d34"
"android-cts/testcases/CtsPermissionTestCases/CtsAppThatRequestsLocationPermission29.apk|6dafeaa4f8940cc53f802840113817223d507985b9913aba0400348494432f0e"
"android-cts/testcases/CtsPermissionTestCases/CtsAppThatRequestsLocationPermission29v4.apk|2c35a77576926083df9518517315c6439cbb6322e4078b7ac1d1ecd2b74a8172"
"android-cts/testcases/CtsPermissionTestCases/CtsAppThatRequestsMultiplePermissionsWithMinMaxSdk.apk|edaab7ae780a6523974d4eeffc6418aa71b274f3a0e004a492d29584b811aafe"
"android-cts/testcases/CtsPermissionTestCases/CtsAppThatRequestsOneTimePermission.apk|91127b30b6f15aed62c4ec0f118d8e8fbab324e314dd89bc17238a09588c76c1"
"android-cts/testcases/CtsPermissionTestCases/CtsAppThatRequestsPermissionAandB.apk|0f8707af33a133f66da4a73bca9609ecb92ea2baf012ccb781d2f4b619f98c3d"
"android-cts/testcases/CtsPermissionTestCases/CtsAppThatRequestsPermissionAandC.apk|a4afe66376f423e3974eb1de323ed35b40bb00019c2783391d860720df9bb37c"
"android-cts/testcases/CtsPermissionTestCases/CtsAppThatRequestsStoragePermission22.apk|ca44ee5ef379ae38853db378110f47bdd93b6601a53d5a222b1ba7be1f72d0f1"
"android-cts/testcases/CtsPermissionTestCases/CtsAppThatRequestsStoragePermission28.apk|a1053050e5c5efe45967de90560799d45f93eb53359eaa10464f5957a4f8e686"
"android-cts/testcases/CtsPermissionTestCases/CtsAppThatRequestsStoragePermission29.apk|9336747dd93f20396cd8e9ed206d18b0f3eadc44424f46043d790dbf40579ef6"
"android-cts/testcases/CtsPermissionTestCases/CtsAppThatRequestsSystemAlertWindow22.apk|d69de0b29b243d2b690d2d46c68f9ddaafc5a020486f1ebc1a39847965f5c5e3"
"android-cts/testcases/CtsPermissionTestCases/CtsAppThatRequestsSystemAlertWindow23.apk|6e1a9d844fccaa5c316bdc6cc587ab6951c5a43086001fe9966c43f0a719be7b"
"android-cts/testcases/CtsPermissionTestCases/CtsAppThatRunsRationaleTests.apk|0a254fe05f4e9dc8dd7c5890eff6a1a9d63dfea92237add0d6e6d2b34660463f"
"android-cts/testcases/CtsPermissionTestCases/CtsAppToTestRevokeSelfPermission.apk|8e0bbca95fb52e79826271ed76d1fe5d0a457c8eff51fc78aa04f285c2bb1e9b"
"android-cts/testcases/CtsPermissionTestCases/CtsAppWithSharedUidThatRequestsLocationPermission28.apk|14522881b24b06cc0220f0094ea56ca1d1f77204de09b2fe02edfba17101e0b9"
"android-cts/testcases/CtsPermissionTestCases/CtsAppWithSharedUidThatRequestsLocationPermission29.apk|314e2bace5e71aa99b773ca96b802f0cd2c53792f631b5572b98749e6b1fb87a"
"android-cts/testcases/CtsPermissionTestCases/CtsAppWithSharedUidThatRequestsNoPermissions.apk|d0da214b73a8ae31a32492289a456a28278d0867f8cc0b746c3222c73cb9f7c5"
"android-cts/testcases/CtsPermissionTestCases/CtsAppWithSharedUidThatRequestsPermissions.apk|c6e6d646125ac8ff62b09c438b28a3801f162a227e78e7670745fbec4bb011fa"
"android-cts/testcases/CtsPermissionTestCases/CtsInstallPermissionDefinerApp.apk|3c266997e4e4968a75d09e9b4c49deeba305dfc6b7625b3e31a4119cf4bb7ef9"
"android-cts/testcases/CtsPermissionTestCases/CtsInstallPermissionEscalatorApp.apk|0dacacf31b773565509ae7d5bef847291dcddaabfa03514c9dd6c4131eb0129a"
"android-cts/testcases/CtsPermissionTestCases/CtsInstallPermissionUserApp.apk|ed0bbb749a8b6b3502f1a162b6e4ba52a1e204ac164f5540f29a1a10f32fca61"
"android-cts/testcases/CtsPermissionTestCases/CtsPermissionTestCases.config|e4efdc6268e0ec8371ebd761fbc8df00861006c072581f87f45dab0684fe1470"
"android-cts/testcases/CtsPermissionTestCases/CtsRuntimePermissionDefinerApp.apk|cf44e3ece42dc0882e69229788ec7e572f259a6926daf9c56ecf44cf75d10e2f"
"android-cts/testcases/CtsPermissionTestCases/CtsRuntimePermissionUserApp.apk|846727ce6a904c6becac6bca003bd345f070ee11027df623168135821c64fc31"
"android-cts/testcases/CtsPermissionTestCases/CtsStorageEscalationApp28.apk|e62533f3e01477821be2b66e06f7be774442326dafb074d75ff63d29fb36dab7"
"android-cts/testcases/CtsPermissionTestCases/CtsStorageEscalationApp29Full.apk|37c493499ac259b7867ecb65923f59708e10654c6df1143a6b145323c24e01bb"
"android-cts/testcases/CtsPermissionTestCases/CtsStorageEscalationApp29Scoped.apk|43da935ed1a4639f229b2261adb784eb65e39ccbf1c34011bc14ca6377355429"
"android-cts/testcases/CtsPermissionTestCases/CtsVictimPermissionDefinerApp.apk|13760b58eace2105fa67d75b452997f6856817f68175694720b462cd5437931e"
"android-cts/testcases/CtsPermissionTestCases/arm64/CtsPermissionTestCases.apk|46ce03bbacca4f31755a7fa2d1dfd59f367a045e2ab2086d4bd8430deb07a362"
"android-cts/testcases/CtsRoleTestCases/CtsDefaultNotesApp.apk|fd75fe682aa3585aa5c0fe66a8e89e71a21542b78720f228461059057df152f6"
"android-cts/testcases/CtsRoleTestCases/CtsRoleTestApp.apk|30317f9d12ab68dfc71a858bdec60385bdbc44146eb9fcd3b4c23bb2fac39ace"
"android-cts/testcases/CtsRoleTestCases/CtsRoleTestApp28.apk|0311337c9abdfd7270284c4eb78fb744d68b68916f9a3d746e120e09a794a63a"
"android-cts/testcases/CtsRoleTestCases/CtsRoleTestApp33WithoutInCallService.apk|fbe07994723e6a76428b13e62cb18f53de97416050797bffe6aca9b68237d96c"
"android-cts/testcases/CtsRoleTestCases/CtsRoleTestAppClone.apk|c0ab1a681b3ec12a07095b2fe471edc5d1296adbb734a24e4e4dab6cb7e29a6c"
"android-cts/testcases/CtsRoleTestCases/CtsRoleTestCases.config|46c7f620bb777b60f6a7f7024a99a8b7899325683cbc8080a8f9e847b66368b4"
"android-cts/testcases/CtsRoleTestCases/arm64/CtsRoleTestCases.apk|4f3bec7dbb6045fb2dd0afeaaec7b40a92071b1342bf4f59f814617dc0870285"
"android-cts/testcases/CtsDomainVerificationDeviceStandaloneTestCases/CtsDomainVerificationDeviceStandaloneTestCases.config|30178a201fbbb4671983fc75fc394e22df07a486d001dd014925f29c28095eb7"
"android-cts/testcases/CtsDomainVerificationDeviceStandaloneTestCases/CtsDomainVerificationTestDeclaringApp1.apk|af2178cf4a692c62eec1447f27f31a103e60833ae10a206e032269aad34ee65e"
"android-cts/testcases/CtsDomainVerificationDeviceStandaloneTestCases/CtsDomainVerificationTestDeclaringApp2.apk|ae9308587c4392ac5e1e5e82772125d70d063f7c6a82a7b91d5a2716ae39f97f"
"android-cts/testcases/CtsDomainVerificationDeviceStandaloneTestCases/arm64/CtsDomainVerificationDeviceStandaloneTestCases.apk|b16b56824cdc0279478de0887b3fe3bbd37762a9914c0ca500287bb8f1343227"
