# The official CTS release the native system services are tested against
# (ADR 0013, "Conformance bar"; docs/system-services.md): the Android 16
# arm64 CTS, r1, for the pinned image (BE2A.250530.026.F3, security patch
# 2025-07-05). Built from AOSP (Apache-2.0) with its test libraries; a local
# test input, never shipped or committed. tools/cts-module.py fetches the
# pinned entries into _build/cts with range requests.
URL=https://dl.google.com/dl/android/cts/android-cts-16_r1-linux_x86-arm.zip
SIZE=18629012254

# entry|sha256 of the inflated file
"android-cts/testcases/CtsContentTestCases/CtsContentUriTestApp.apk|c077711943a5e0db9b4c7d110ea5c5e92bb17f29472c20c1d9f57ae0bc83ebc5"
"android-cts/testcases/CtsContentTestCases/arm64/CtsContentTestCases.apk|5303d9039d26445f19b8ac5b93dc6c2a942c938f96ddabab537372838b94e2e3"
"android-cts/testcases/CtsNotificationTestCases/arm64/CtsNotificationTestCases.apk|d66585ff3a748214936f7bc270cb28e5717c2e5b9c25b39ae5500c8f8c9e187a"
"android-cts/testcases/CtsNotificationTestCases/CtsAppTestStubs.apk|e029f04c4d1e03d86abf146b8c05e4e6b9119255a6746cab61d71bc9b52df3b6"
"android-cts/testcases/CtsNotificationTestCases/NotificationApp.apk|003f4d615b8f0fd9037679a5ae30d7806d6d0972c84a8f67fd9e52b093f1ad82"
"android-cts/testcases/CtsNotificationTestCases/NotificationProvider.apk|9177be4a4e1b0c36a90667b89428263cfd9f75f058a9822c858dd0bc19874299"
"android-cts/testcases/CtsNotificationTestCases/NotificationListener.apk|b1add0686e92fe51f3d03c0221ed5d27e7fd20736334c30b29fb085ea9b82bb8"
"android-cts/testcases/CtsNotificationTestCases/NotificationTrampoline.apk|bbfce6def4c22c949ca0f0d952feb65bc4e9fba46e5f455c45938ffc40917033"
"android-cts/testcases/CtsNotificationTestCases/NotificationTrampolineApi30.apk|9032a3d8c76c6cf3a05d35c95ffa1faadce584dc21bfa50527dbfc7b9954332c"
"android-cts/testcases/CtsNotificationTestCases/NotificationTrampolineApi32.apk|7473191e9cc2d14fecfb34e33624edf2a6f959ed4120ece0fc36e526c1f5ac8d"
"android-cts/testcases/CtsNotificationTestCases/NotificationPressure00.apk|e690a28378fbfbd6807e57cb906f3af381d1bd8dae16847e452bc432b651da9f"
"android-cts/testcases/CtsNotificationTestCases/NotificationPressure01.apk|143b05afc80d082c6be52b146ea0b7ec0fc2bbfd35152f0aa8ec603329996b1b"
"android-cts/testcases/CtsNotificationTestCases/NotificationPressure02.apk|927b74fdac4dc5fb0efaa8e5dbb7bf0a7429866c78a699bb70b2357d044dc883"
"android-cts/testcases/CtsNotificationTestCases/NotificationPressure03.apk|8a59bd35da267a99c97b2a04892753103f06dd4a5207519ce8768c36d23d1d53"
"android-cts/testcases/CtsNotificationTestCases/NotificationPressure04.apk|b0f70e143c04ce00dd4eb159aff32901a7d8c7780b721fcb6567be3bb76b1d57"
"android-cts/testcases/CtsNotificationTestCases/NotificationPressure05.apk|6a8aee8cc406f99fe70e45af24c072eb2f9fb42061d75706aa808ef32f7e1d86"
"android-cts/testcases/CtsNotificationTestCases/NotificationPressure06.apk|064a7bb97b24c40fb785ce1496a01d8667c1c51bf1f975b5aeda40e35d3d5501"
"android-cts/testcases/CtsNotificationTestCases/NotificationPressure07.apk|3d1aead8d4451eb6fab276db7e9efa5cbb516d695096a1885275ea3eb382e321"
"android-cts/testcases/CtsVibratorTestCases/arm64/CtsVibratorTestCases.apk|e9f19f3bccadb725bf8516321a38b96d0f0e53702689133ca1e5a8c15899777d"
"android-cts/testcases/CtsVibratorTestCases/CtsVibratorTestCases.config|35c1eebcea5367893b19c03bd8a1f1184bfa32fab461f41688d6e4656c8b64c7"
"android-cts/testcases/CtsLocationFineTestCases/arm64/CtsLocationFineTestCases.apk|22dbedb3e347490be5278962da7033700345d0f11c91eb998c5f0bb7e9d59e72"
"android-cts/testcases/CtsLocationFineTestCases/CtsLocationFineTestCases.config|9cb7ae2b6b498d72011e218760e9949da7007fa4addea8fd5c1ad76ad1e69f33"
"android-cts/testcases/CtsLocationCoarseTestCases/arm64/CtsLocationCoarseTestCases.apk|ff5ebbf9f50e457fe1567ec1e88b88918f230bfb3d3c1134d17fa6f939aedeb6"
"android-cts/testcases/CtsLocationCoarseTestCases/CtsLocationCoarseTestCases.config|4fb0083622b31ba52db4700f87e12fb6f89e16ae9ca24abe4383b1fd35379c06"
"android-cts/testcases/CtsLocationNoneTestCases/arm64/CtsLocationNoneTestCases.apk|8cea3abc6754abdb484299f64fb2af2e2800505931b5b85c957a257dff0500e1"
"android-cts/testcases/CtsLocationNoneTestCases/CtsLocationNoneTestCases.config|47e94c5cd178379374cb2791393df71436855bb36c46c3f38ca2a77f4f385219"
"android-cts/testcases/CtsLocationGnssTestCases/arm64/CtsLocationGnssTestCases.apk|bc15ddc7391ba51204eb433882c480532869b72c616b342a8b6fed35de0a4208"
"android-cts/testcases/CtsLocationGnssTestCases/CtsLocationGnssTestCases.config|19337d5d409f3631c32d322f7f70a6530cb528a8f3eff7d859a3ab5d5150132f"
"android-cts/testcases/CtsLocationPrivilegedTestCases/arm64/CtsLocationPrivilegedTestCases.apk|faaff6269525d72b2386e9bf2e456eecf48906d8bd404cf7588358babbefdbae"
"android-cts/testcases/CtsLocationPrivilegedTestCases/CtsLocationPrivilegedTestCases.config|9ee5c2043a83caf4fbaef4e64354f04d470c33adda76e88b635e71a54a8780b9"
"android-cts/testcases/CtsWallpaperTestCases/arm64/CtsWallpaperTestCases.apk|f1935f1601a9826408f5a4c3b44a5e3985b0f0716a198fa827c56be72888b332"
"android-cts/testcases/CtsWallpaperTestCases/CtsWallpaperTestCases.config|4971d95e8290a26d7b509364e3f64fd50a365de97d3b12097aa7d2c1fb79b99b"
"android-cts/testcases/CtsWidgetTestCases/arm64/CtsWidgetTestCases.apk|0ff311ab451e2257f300f7a680fe4e9751ba26bf28d1d5449b21fafb2aae6ae0"
"android-cts/testcases/CtsWidgetTestCases/CtsWidgetTestCases.config|9670eecb7559ba402c2bc100d46100633b93a339772578b60e7fed7ef0e3a0e6"
"android-cts/testcases/CtsWidgetTestCases/CtsWidgetApp.apk|cbd7c520da6e9b786f7ee0fbd4cd84d3bd68c000ee4d1e34bb621e9d83901079"
"android-cts/testcases/CtsWidgetTestCases/TestIme.apk|083f8039328448a974244bb3d81e19d54fe37dc874a17ee15b86951043d40c37"
"android-cts/testcases/CtsToastTestCases/arm64/CtsToastTestCases.apk|0c8587c415151d5a39d1ef23c8cf1180f585e2e08008a56ea49e782179575aa3"
"android-cts/testcases/CtsToastTestCases/CtsToastTestCases.config|1423a1a4fe87616dc3151c939d305a0c685a9c2262d62afeb96a72d4888c50c8"
"android-cts/testcases/CtsToastLegacyTestCases/arm64/CtsToastLegacyTestCases.apk|2c3a4ae1ea564be73c07bb622703ba065c1c123398a9ce963644dda81258ba4f"
"android-cts/testcases/CtsToastLegacyTestCases/CtsToastLegacyTestCases.config|15a7e42ce162cf159df6f6fea354e63675074a23f90dc138905a449c9da67a14"
"android-cts/testcases/CtsBiometricsTestCases/arm64/CtsBiometricsTestCases.apk|17d3cf3f5dbbc7da50d07a6e9ba642b6e9d8433422bf4de4f9fff02663503150"
"android-cts/testcases/CtsBiometricsTestCases/CtsBiometricsTestCases.config|611cbba6848365cbfcdf223d98c1e5da88b01ca62f1ab3f2d567d93e717e3c9c"
"android-cts/testcases/CtsBiometricsTestCases/CtsBiometricServiceTestApp.apk|8f055087321d58aaafa8075c8e595c1e7ddc5422996ca9cae34958d3cba6489c"
"android-cts/testcases/CtsBiometricsTestCases/CtsBiometricServiceUtilTestApp.apk|9f3c11f95489ed54dda7865a6b1aaac4d4000a76eee1ededed3dd9a2a19afd5e"
