NDK_REVISION=28.2.13676358
BIONIC_DEVICE_API_REVISION=361ba86734fb2821a6adcfdf775db8abd04e0de0
BIONIC_DEVICE_API_HEADER_SHA256=0da6d124387c34fa3b780c746ebcc6aa26e9734c1adf576d0931c94a5dc3cf5a
NDK_SOURCE_PROPERTIES_SHA256=c00aa236fdb205e9be9edd9e2169763e48aca52735efff4e16f34205d49783b5
NDK_SYSTEM_PROPERTIES_SHA256=77da41a7362f099bab18cbec539125c4fe78eb25e7f8cf591f0c02329a2bc920
NDK_AUXV_SHA256=1b219d0faea1c68a66da165526331a174ec02cd09fd46dd02c93b58b1e26ae84
NDK_ARM64_HWCAP_SHA256=d359c663ba6a4b5a26fa0019e3bc325bf1ad140ace61d6b8294f43f057ae7c54
NDK_STDLIB_SHA256=fcd32a00a088e638ccaf902a9a5a4ceced2ded475048a25240ad55517fdfcbb4
NDK_SYS_AUXV_SHA256=aa315f873777f888e19c39c15bc1bd918c6bc74ad73000b91e96a4bdfdfcf0ab
LIBC_IMPORT_MANIFEST_SHA256=20990dbfd74db3a2a1c7d02e479286b032b7754a4c1e71a2cadb64a81cb391f9
BIONIC_ERRNO_LOCK_SHA256=e29f224c3dcb9f848fd9e19e21f5190c73390cf7a7f678c03e8092415498d6d7
BIONIC_ERRNO_SOURCE_SHA256=8b0731ac34085f0978d56ec366c2f5a7f0c00b70dfbbb778b63202e8703fa937
BIONIC_ERRNO_MAPPING_SHA256=cc789f68f56260e40eb689d06b17cb3d1080a4b362e58e1ee07054575cdfa794
