# The framework AIDL of the native system services (ADR 0013,
# crates/aim-services): the aidl-gen node of `cargo aim` (docs/build.md)
# fetches these files at the tag of the pinned image, checks each against
# its sha256, generates Rust from them
# (crates/aim-build/src/nodes/service_aidl.rs) and checks every
# transaction code against the image's own stubs. Shell-style assignments.
AOSP_TAG=android-16.0.0_r1

# project|path|sha256
SOURCE_FILES=(
  "platform/frameworks/base|core/java/android/content/IClipboard.aidl|631331c41fba8d7b7a0f1c2815e498068571af9ad0c2677b3cbd0ac9e144b03b"
  "platform/frameworks/base|core/java/android/content/IOnPrimaryClipChangedListener.aidl|fd26aa5ccf0a71ee74550fed93ec969db01b840be72bef52208f94e451961633"
  "platform/frameworks/native|libs/binder/aidl/android/os/IServiceManager.aidl|9ac0520979c800c1a7d0c05c6a167da9b0ea6c66e160822e0b255c25bda15e02"
  "platform/frameworks/base|core/java/android/app/IActivityManager.aidl|458945b089157964f6cce63c00fdfcaeb8bb04ce18d06c515e2a53628cab52a1"
  "platform/frameworks/base|core/java/android/app/IActivityTaskManager.aidl|71b288fb77dcab8b556da805dd69afc11c273842d78a79ca192d06e7f51746ad"
  "platform/frameworks/base|core/java/com/android/internal/app/IAppOpsService.aidl|2e6fb1b32c87a4e0a4a26f7cac77e31e70fa3db441ad87bd4031b6fd999080ed"
  "platform/frameworks/base|core/java/android/permission/IPermissionManager.aidl|68234acd6d2a08ef924cddbbfd38b2b73e26df961f6a41251f9490ed58c10403"
  "platform/frameworks/base|core/java/android/os/IUserManager.aidl|0f0c0f8ed3d6764b141e94ad3a3c5ca2c3ed92193372228096baf9d4d61d83e0"
  "platform/frameworks/base|core/java/android/app/trust/ITrustManager.aidl|032ad29ed8780c18823845ba629e722ce6bf3a796ef764f6b0f8d5a171d27016"
  "platform/frameworks/base|core/java/com/android/internal/view/IInputMethodManager.aidl|83348aaedbc1fef4a032e7b614b93300e6fbef8d47840598155c241bfadaee7c"
  "platform/frameworks/base|core/java/android/app/ITaskStackListener.aidl|a9a555bfd3680f26f801ade3310b6e17d19c24e82b66936ab03122acc7c2be5b"
  "platform/frameworks/native|libs/permission/aidl/com/android/internal/app/IAppOpsCallback.aidl|82574f3b0897bf513c60a9868b0f1155ba89ef8d113abc4b4d99b5dec73498a0"
  "platform/frameworks/base|core/java/android/content/pm/IPackageManager.aidl|7b02c7375bc969da513471dbed8aa41751490398dcdc4d580a5557e59c861263"
  "platform/frameworks/base|core/java/android/os/IRemoteCallback.aidl|31120af262690e1d7f4dd4f2befdcca13c4fa30ed10278bfdc722c31298e0b2a"
  "platform/frameworks/base|core/java/com/android/internal/policy/IDeviceLockedStateListener.aidl|1fb9a8d4c1d86f5f1363062cc0bf307cd72427ed7884135a2d879316b3ffc20a"
  "platform/frameworks/base|core/java/android/app/INotificationManager.aidl|7a34afacfb392fea1046d564cb0d6a412828afca94fb4bc22ba90103e9c89980"
  "platform/frameworks/base|core/java/android/service/notification/INotificationListener.aidl|b69999d69e40719070d969683afeef99a6446d4b19a62b2c07990d7b2643d617"
  "platform/frameworks/base|core/java/android/service/notification/IStatusBarNotificationHolder.aidl|aec6674ca251c5ab65b030fffde07d9b2e82e416f674fe28cbd33e0b7dd45e54"
  "platform/frameworks/base|core/java/com/android/internal/statusbar/IStatusBarService.aidl|11a05c71bb5ef6b24bec607d0ad7c7f5aaee8ddd26fa85899304b6e75a0196e1"
  "platform/frameworks/base|core/java/android/os/IVibratorManagerService.aidl|df36e61dd62d9c22a4c59b9499bde468da8711ea46a7efb38c9c5e932c8e902b"
  "platform/frameworks/base|core/java/android/os/vibrator/IVibrationSessionCallback.aidl|6d4bafaa83f83a48a343ef0d3875a17c1b3d3f80bfb555d7c0d8d46197cc3cc1"
  "platform/frameworks/base|core/java/android/os/ICancellationSignal.aidl|3a3423eb076bb4ed64d50c35e3afa905782604a2b0f3373f0040ce470f02d191"
  "platform/frameworks/base|core/java/android/os/IExternalVibratorService.aidl|3a524863da5241684e4870e648580cdb81bd15a53c86b554283b5c3bf159998a"
  "platform/frameworks/base|core/java/android/app/IUriGrantsManager.aidl|15fd9c7d8977ff48e776b0eaa140ea82b90b4f1ec0d1789de7d8e4dfe9af3fb2"
)

# descriptor|jar of its stub in the image|methods to marshal (`*`: all).
# Every method's code is generated and checked; only these get Rust for
# their arguments and replies.
INTERFACES=(
  "android.content.IClipboard|system/framework/framework.jar|*"
  "android.content.IOnPrimaryClipChangedListener|system/framework/framework.jar|*"
  "android.os.IServiceManager|system/framework/framework.jar|addService,checkService"
  "android.app.IActivityManager|system/framework/framework.jar|checkPermission,handleIncomingUser,openContentUri,sendIntentSender,getContentProviderExternal"
  "android.app.IActivityTaskManager|system/framework/framework.jar|getFocusedRootTaskInfo,registerTaskStackListener"
  "com.android.internal.app.IAppOpsService|system/framework/framework.jar|checkPackage,checkOperationForDevice,noteOperation,startWatchingModeWithFlags"
  "android.permission.IPermissionManager|system/framework/framework.jar|checkPermission"
  "android.os.IUserManager|system/framework/framework.jar|isUserRunning,getProfileIds,hasUserRestriction"
  "android.app.trust.ITrustManager|system/framework/framework.jar|isDeviceLocked,registerDeviceLockedStateListener"
  "com.android.internal.view.IInputMethodManager|system/framework/framework.jar|getCurrentInputMethodInfoAsUser"
  "android.app.ITaskStackListener|system/framework/framework.jar|onTaskStackChanged"
  "com.android.internal.app.IAppOpsCallback|system/framework/framework.jar|*"
  "android.content.pm.IPackageManager|system/framework/framework.jar|getApplicationInfo,registerPackageMonitorCallback,getPackagesForUid,queryInstrumentationAsUser"
  "android.os.IRemoteCallback|system/framework/framework.jar|*"
  "com.android.internal.policy.IDeviceLockedStateListener|system/framework/framework.jar|*"
  "android.app.INotificationManager|system/framework/framework.jar|registerListener,unregisterListener,cancelNotificationsFromListener,getActiveNotificationsFromListener,getNotificationChannelForPackage"
  "android.service.notification.INotificationListener|system/framework/framework.jar|onListenerConnected,onNotificationPosted,onNotificationPostedFull,onNotificationRemoved,onNotificationRemovedFull"
  "android.service.notification.IStatusBarNotificationHolder|system/framework/framework.jar|get"
  "com.android.internal.statusbar.IStatusBarService|system/framework/framework.jar|onNotificationClick,onNotificationDirectReplied"
  "android.os.IVibratorManagerService|system/framework/framework.jar|*"
  "android.os.vibrator.IVibrationSessionCallback|system/framework/framework.jar|onFinished"
  "android.os.ICancellationSignal|system/framework/framework.jar|*"
  "android.os.IExternalVibratorService|system/framework/framework.jar|*"
  "android.app.IUriGrantsManager|system/framework/framework.jar|checkGrantUriPermission_ignoreNonSystem"
)

# Binder interfaces the framework writes by hand, without AIDL:
# descriptor|jar of the interface in the image|its int constants (the
# transaction codes) to read from the image.
CONSTANTS=(
  "android.content.IContentProvider|system/framework/framework.jar|CALL_TRANSACTION"
)
