# The framework AIDL of the native system services (ADR 0013,
# crates/aim-services): the aidl-gen node of `cargo aim` (docs/build.md)
# fetches these files at the tag of the pinned image, checks each against
# its sha256, generates Rust from them
# (crates/aim-build/src/nodes/service_aidl.rs) and checks every
# transaction code against the image's own stubs. Shell-style assignments.
AOSP_TAG=android-16.0.0_r1

# project|path|sha256
SOURCE_FILES=(
  "platform/frameworks/base|core/java/android/content/IClipboard.aidl|631331c41fba8d7b7a0f1c2815e498068571af9ad0c2677b3cbd0ac9e144b03b"
  "platform/frameworks/base|core/java/android/content/IOnPrimaryClipChangedListener.aidl|fd26aa5ccf0a71ee74550fed93ec969db01b840be72bef52208f94e451961633"
  "platform/frameworks/native|libs/binder/aidl/android/os/IServiceManager.aidl|9ac0520979c800c1a7d0c05c6a167da9b0ea6c66e160822e0b255c25bda15e02"
  "platform/frameworks/base|core/java/android/app/IActivityManager.aidl|458945b089157964f6cce63c00fdfcaeb8bb04ce18d06c515e2a53628cab52a1"
  "platform/frameworks/base|core/java/android/app/IActivityTaskManager.aidl|71b288fb77dcab8b556da805dd69afc11c273842d78a79ca192d06e7f51746ad"
  "platform/frameworks/base|core/java/com/android/internal/app/IAppOpsService.aidl|2e6fb1b32c87a4e0a4a26f7cac77e31e70fa3db441ad87bd4031b6fd999080ed"
  "platform/frameworks/base|core/java/android/permission/IPermissionManager.aidl|68234acd6d2a08ef924cddbbfd38b2b73e26df961f6a41251f9490ed58c10403"
  "platform/frameworks/base|core/java/android/os/IUserManager.aidl|0f0c0f8ed3d6764b141e94ad3a3c5ca2c3ed92193372228096baf9d4d61d83e0"
  "platform/frameworks/base|core/java/android/app/trust/ITrustManager.aidl|032ad29ed8780c18823845ba629e722ce6bf3a796ef764f6b0f8d5a171d27016"
  "platform/frameworks/base|core/java/android/app/ITaskStackListener.aidl|a9a555bfd3680f26f801ade3310b6e17d19c24e82b66936ab03122acc7c2be5b"
  "platform/frameworks/native|libs/permission/aidl/com/android/internal/app/IAppOpsCallback.aidl|82574f3b0897bf513c60a9868b0f1155ba89ef8d113abc4b4d99b5dec73498a0"
  "platform/frameworks/base|core/java/android/content/pm/IPackageManager.aidl|7b02c7375bc969da513471dbed8aa41751490398dcdc4d580a5557e59c861263"
  "platform/frameworks/base|core/java/android/os/IRemoteCallback.aidl|31120af262690e1d7f4dd4f2befdcca13c4fa30ed10278bfdc722c31298e0b2a"
  "platform/frameworks/base|core/java/com/android/internal/policy/IDeviceLockedStateListener.aidl|1fb9a8d4c1d86f5f1363062cc0bf307cd72427ed7884135a2d879316b3ffc20a"
  "platform/frameworks/base|core/java/android/app/INotificationManager.aidl|7a34afacfb392fea1046d564cb0d6a412828afca94fb4bc22ba90103e9c89980"
  "platform/frameworks/base|core/java/android/service/notification/INotificationListener.aidl|b69999d69e40719070d969683afeef99a6446d4b19a62b2c07990d7b2643d617"
  "platform/frameworks/base|core/java/android/service/notification/IStatusBarNotificationHolder.aidl|aec6674ca251c5ab65b030fffde07d9b2e82e416f674fe28cbd33e0b7dd45e54"
  "platform/frameworks/base|core/java/com/android/internal/statusbar/IStatusBarService.aidl|11a05c71bb5ef6b24bec607d0ad7c7f5aaee8ddd26fa85899304b6e75a0196e1"
  "platform/frameworks/base|core/java/android/os/IVibratorManagerService.aidl|df36e61dd62d9c22a4c59b9499bde468da8711ea46a7efb38c9c5e932c8e902b"
  "platform/frameworks/base|core/java/android/os/vibrator/IVibrationSessionCallback.aidl|6d4bafaa83f83a48a343ef0d3875a17c1b3d3f80bfb555d7c0d8d46197cc3cc1"
  "platform/frameworks/base|core/java/android/os/ICancellationSignal.aidl|3a3423eb076bb4ed64d50c35e3afa905782604a2b0f3373f0040ce470f02d191"
  "platform/frameworks/base|core/java/android/os/IExternalVibratorService.aidl|3a524863da5241684e4870e648580cdb81bd15a53c86b554283b5c3bf159998a"
  "platform/frameworks/base|core/java/android/app/IUriGrantsManager.aidl|15fd9c7d8977ff48e776b0eaa140ea82b90b4f1ec0d1789de7d8e4dfe9af3fb2"
  "platform/frameworks/base|location/java/android/location/ILocationManager.aidl|cfde445866d384b34f4bc0f6f36bc34bb322034562bcdf74b7f817a88d2ab3b4"
  "platform/frameworks/base|location/java/android/location/ILocationListener.aidl|a2a482dd1753f9b21620a169ebb7aeddf12cd624ec4b3d90879fb00363ee8302"
  "platform/frameworks/base|location/java/android/location/ILocationCallback.aidl|2d03740d97d4af39b34f6035e519f42643c9267644078b660934d41c60fe3dcf"
  "platform/frameworks/base|location/java/android/location/IGnssStatusListener.aidl|ed1cdc1f91723a963095059484cc082e7598703270b2b84f82f158d0dd41ad45"
  "platform/frameworks/base|location/java/android/location/IGnssNmeaListener.aidl|f4d12feb4471a5eaa0ecd19733400b9b3c3203c81ec9db02f59c89656bcb3ff0"
  "platform/frameworks/base|location/java/android/location/IGnssMeasurementsListener.aidl|eb43b05154f8542f400beafbc3cdb732226bef2ed809acdf520f6866b5d7a967"
  "platform/frameworks/base|location/java/android/location/IGnssNavigationMessageListener.aidl|5296d1b43e984c9ec1145450936e54efd575ffafec36d6bbd48f37909814b54c"
  "platform/frameworks/base|location/java/android/location/provider/IProviderRequestListener.aidl|f0a6ce88f475c3b5784b0053fd04432f388bb50e46a4714edd908976fdaca841"
  "platform/frameworks/base|location/java/android/location/provider/IGeocodeCallback.aidl|37a84dfe8d8a7e3d976fbca3e9aadfb15cb95c9ba88980addeb8eddfbd0849c7"
  "platform/frameworks/base|core/java/com/android/internal/os/IResultReceiver.aidl|26c4144debcb5666f7c995c26100afb10fe78660ed643882628030eb3654f151"
  "platform/frameworks/base|core/java/android/app/IUidObserver.aidl|5868215f246cb59eba41ee1e20f57b6c8a385be0feae584c6358858a28939a6e"
  "platform/frameworks/base|core/java/android/permission/IOnPermissionsChangeListener.aidl|3ecafcbb874501ffd7bf1d490235debb9703e64352bc5d7747e05fd498b0b7ea"
  "platform/frameworks/base|core/java/android/content/IIntentReceiver.aidl|d25292dcaf3ce2d407a04eb64720d719c589ebf4ff08916325982445f617242d"
  "platform/frameworks/base|core/java/android/database/IContentObserver.aidl|a9640ecf33e7da6235cac63a9b58bed19fe478cad5387ce1a873b9de08c71813"
  "platform/frameworks/base|core/java/android/os/IPowerManager.aidl|913560b20264765dc45dc4e22e6115275025add78ed50a89d4d3e1a363ba1c51"
  "platform/frameworks/base|core/java/com/android/internal/compat/IPlatformCompat.aidl|815cdc9682f6acd87b951804ed88f63ba408d16b9fe991fce7cbed7729dcc733"
  "platform/frameworks/base|location/java/android/location/provider/ILocationProvider.aidl|590859f7ca59001d0957b27d6aff1eddddecdb97e7cb73b10c49383a9ef2a7f3"
  "platform/frameworks/base|location/java/android/location/provider/ILocationProviderManager.aidl|a4f46cdf6eb2ab10a93afd2da314aabb8e97527973c5c641bc968fb9f28f8456"
  "platform/frameworks/base|location/java/android/location/provider/IGeocodeProvider.aidl|8fa68c44c6daf80c8c59d211a70c2bee627f5782097ed9f6072b12f4068a13dc"
  "platform/frameworks/base|location/java/android/location/provider/IPopulationDensityProvider.aidl|dd0cfbd3ba77fd1accebdbd852bdf210318a6853853089b3543156ab98a42cc1"
  "platform/frameworks/base|location/java/android/location/provider/IS2CellIdsCallback.aidl|e277e996dcf4eae67b29da5b3c35317cf7595a123ce17a21e30e771daf6e61f9"
  "platform/frameworks/base|location/java/android/location/provider/IS2LevelCallback.aidl|57227499cad24014ea87c295bc289cd3b249a77103cb8b3d419eb02598b11014"
  "platform/frameworks/base|media/java/android/media/IAudioService.aidl|66f57b88d780b182f41d199a6e2e2a79765feb2584cae17993423555581296c8"
  "platform/frameworks/base|media/java/android/media/IAudioDeviceVolumeDispatcher.aidl|dae533b4d5ac3f82323bd4d39018c3d9137c8e5eb5133c6b041fadbeb729bfa1"
)

# descriptor|jar of its stub in the image|methods to marshal (`*`: all).
# Every method's code is generated and checked; only these get Rust for
# their arguments and replies.
INTERFACES=(
  "android.content.IClipboard|system/framework/framework.jar|*"
  "android.content.IOnPrimaryClipChangedListener|system/framework/framework.jar|*"
  "android.os.IServiceManager|system/framework/framework.jar|addService,checkService"
  "android.app.IActivityManager|system/framework/framework.jar|checkPermission,handleIncomingUser,openContentUri,sendIntentSender,getContentProviderExternal,registerUidObserver,getUidProcessState,getCurrentUserId,getRunningUserIds,broadcastIntentWithFeature,registerIntentSenderCancelListenerEx,unregisterIntentSenderCancelListener"
  "android.app.IActivityTaskManager|system/framework/framework.jar|getFocusedRootTaskInfo,registerTaskStackListener"
  "com.android.internal.app.IAppOpsService|system/framework/framework.jar|checkPackage,checkOperationForDevice,noteOperation,startWatchingModeWithFlags,startOperation,finishOperation,setUserRestriction"
  "android.permission.IPermissionManager|system/framework/framework.jar|checkPermission,grantRuntimePermission,revokeRuntimePermission,updatePermissionFlags,addOnPermissionsChangeListener"
  "android.os.IUserManager|system/framework/framework.jar|isUserRunning,getProfileIds,hasUserRestriction,isUserVisible"
  "android.app.trust.ITrustManager|system/framework/framework.jar|isDeviceLocked,registerDeviceLockedStateListener"
  "android.app.ITaskStackListener|system/framework/framework.jar|onTaskStackChanged"
  "com.android.internal.app.IAppOpsCallback|system/framework/framework.jar|*"
  "android.content.pm.IPackageManager|system/framework/framework.jar|getApplicationInfo,registerPackageMonitorCallback,getPackagesForUid,queryInstrumentationAsUser"
  "android.os.IRemoteCallback|system/framework/framework.jar|*"
  "com.android.internal.policy.IDeviceLockedStateListener|system/framework/framework.jar|*"
  "android.app.INotificationManager|system/framework/framework.jar|registerListener,unregisterListener,cancelNotificationsFromListener,getActiveNotificationsFromListener,getNotificationChannelForPackage"
  "android.service.notification.INotificationListener|system/framework/framework.jar|onListenerConnected,onNotificationPosted,onNotificationPostedFull,onNotificationRemoved,onNotificationRemovedFull"
  "android.service.notification.IStatusBarNotificationHolder|system/framework/framework.jar|get"
  "com.android.internal.statusbar.IStatusBarService|system/framework/framework.jar|onNotificationClick,onNotificationDirectReplied"
  "android.os.IVibratorManagerService|system/framework/framework.jar|*"
  "android.os.vibrator.IVibrationSessionCallback|system/framework/framework.jar|onFinished"
  "android.os.ICancellationSignal|system/framework/framework.jar|*"
  "android.os.IExternalVibratorService|system/framework/framework.jar|*"
  "android.app.IUriGrantsManager|system/framework/framework.jar|checkGrantUriPermission_ignoreNonSystem"
  "android.location.ILocationManager|system/framework/framework-location.jar|getLastLocation,getCurrentLocation,registerLocationListener,unregisterLocationListener,registerLocationPendingIntent,unregisterLocationPendingIntent,injectLocation,requestListenerFlush,requestPendingIntentFlush,requestGeofence,removeGeofence,isGeocodeAvailable,reverseGeocode,forwardGeocode,getGnssCapabilities,getGnssYearOfHardware,getGnssHardwareModelName,registerGnssStatusCallback,unregisterGnssStatusCallback,registerGnssNmeaCallback,unregisterGnssNmeaCallback,addGnssMeasurementsListener,removeGnssMeasurementsListener,injectGnssMeasurementCorrections,addGnssNavigationMessageListener,removeGnssNavigationMessageListener,addGnssAntennaInfoListener,removeGnssAntennaInfoListener,addProviderRequestListener,removeProviderRequestListener,getGnssBatchSize,startGnssBatch,flushGnssBatch,stopGnssBatch,hasProvider,getAllProviders,getProviders,getBestProvider,getProviderProperties,isProviderPackage,getProviderPackages,setExtraLocationControllerPackage,getExtraLocationControllerPackage,setExtraLocationControllerPackageEnabled,isExtraLocationControllerPackageEnabled,isProviderEnabledForUser,isLocationEnabledForUser,setLocationEnabledForUser,isAdasGnssLocationEnabledForUser,setAdasGnssLocationEnabledForUser,isAutomotiveGnssSuspended,setAutomotiveGnssSuspended,addTestProvider,removeTestProvider,setTestProviderLocation,setTestProviderEnabled,getGnssTimeMillis,getBackgroundThrottlingWhitelist,getIgnoreSettingsAllowlist,getAdasAllowlist"
  "android.location.ILocationListener|system/framework/framework-location.jar|onProviderEnabledChanged,onFlushComplete"
  "android.location.ILocationCallback|system/framework/framework-location.jar|*"
  "android.location.IGnssStatusListener|system/framework/framework-location.jar|*"
  "android.location.IGnssNmeaListener|system/framework/framework-location.jar|*"
  "android.location.IGnssMeasurementsListener|system/framework/framework-location.jar|onStatusChanged"
  "android.location.IGnssNavigationMessageListener|system/framework/framework-location.jar|onStatusChanged"
  "android.location.provider.IProviderRequestListener|system/framework/framework-location.jar|*"
  "android.location.provider.IGeocodeCallback|system/framework/framework-location.jar|onError"
  "com.android.internal.os.IResultReceiver|system/framework/framework.jar|*"
  "android.app.IUidObserver|system/framework/framework.jar|*"
  "android.permission.IOnPermissionsChangeListener|system/framework/framework.jar|*"
  "android.content.IIntentReceiver|system/framework/framework.jar|*"
  "android.database.IContentObserver|system/framework/framework.jar|onChange"
  "android.os.IPowerManager|system/framework/framework.jar|acquireWakeLock,releaseWakeLock,isInteractive"
  "com.android.internal.compat.IPlatformCompat|system/framework/framework.jar|isChangeEnabledByUid"
  "android.location.provider.ILocationProvider|system/framework/framework-location.jar|setLocationProviderManager,setRequest,flush"
  "android.location.provider.ILocationProviderManager|system/framework/framework-location.jar|onInitialize,onSetAllowed,onSetProperties,onReportLocation,onFlushComplete"
  "android.location.provider.IGeocodeProvider|system/framework/framework-location.jar|forwardGeocode,reverseGeocode"
  "android.location.provider.IPopulationDensityProvider|system/framework/framework-location.jar|getDefaultCoarseningLevel,getCoarsenedS2Cells"
  "android.location.provider.IS2CellIdsCallback|system/framework/framework-location.jar|onError"
  "android.location.provider.IS2LevelCallback|system/framework/framework-location.jar|*"
  "android.media.IAudioService|system/framework/framework.jar|registerDeviceVolumeDispatcherForAbsoluteVolume,setStreamVolumeWithAttribution,adjustStreamVolumeWithAttribution,getStreamMinVolume,getStreamMaxVolume"
  "android.media.IAudioDeviceVolumeDispatcher|system/framework/framework.jar|*"
)

# Binder interfaces the framework writes by hand, without AIDL:
# descriptor|jar of the interface in the image|its int constants (the
# transaction codes) to read from the image.
CONSTANTS=(
  "android.content.IContentProvider|system/framework/framework.jar|CALL_TRANSACTION"
)

# Interfaces of ours (java/device-services/aidl): descriptor|file|methods
# to marshal. Their codes follow the same rule on both sides; the
# device-services node checks the Java stubs it builds against them.
OWN_INTERFACES=(
  "dev.aim.server.IBridge|java/device-services/aidl/dev/aim/server/IBridge.aidl|*"
  "dev.aim.server.IServiceHost|java/device-services/aidl/dev/aim/server/IServiceHost.aidl|*"
  "dev.aim.server.INotificationPermissionCallback|java/device-services/aidl/dev/aim/server/INotificationPermissionCallback.aidl|*"
  "dev.aim.server.ILocationBridge|java/device-services/aidl/dev/aim/server/ILocationBridge.aidl|*"
  "dev.aim.server.ILocationHost|java/device-services/aidl/dev/aim/server/ILocationHost.aidl|*"
)
